
Microsoft Visual Studio Solution File, Format Version 12.00
# Visual Studio Version 17
VisualStudioVersion = 17.5.2.0
MinimumVisualStudioVersion = 10.0.40219.1
Project("{2150E333-8FDC-42A3-9474-1A3956D46DE8}") = "src", "src", "{827E0CD3-B72D-47B6-A68D-7590B98EB39B}"
EndProject
Project("{2150E333-8FDC-42A3-9474-1A3956D46DE8}") = "Shared", "Shared", "{C8E42992-5E42-0C2B-DBFE-AA848D06431C}"
EndProject
Project("{2150E333-8FDC-42A3-9474-1A3956D46DE8}") = "Services", "Services", "{5854FF58-B8C5-05C6-5BF2-ACE42193F22B}"
EndProject
Project("{2150E333-8FDC-42A3-9474-1A3956D46DE8}") = "AuthService", "AuthService", "{378295AF-C144-6721-7CFF-8DE6E58ED8C7}"
EndProject
Project("{2150E333-8FDC-42A3-9474-1A3956D46DE8}") = "ExamService", "ExamService", "{F0221AFA-3109-4088-AFAE-F8301D49F752}"
EndProject
Project("{2150E333-8FDC-42A3-9474-1A3956D46DE8}") = "SubmissionService", "SubmissionService", "{910DFDEC-5F82-4575-8744-CEF61FAB1E6C}"
EndProject
Project("{2150E333-8FDC-42A3-9474-1A3956D46DE8}") = "NotificationService", "NotificationService", "{3D0292DF-1B38-4F32-97E0-A91159C36283}"
EndProject
Project("{2150E333-8FDC-42A3-9474-1A3956D46DE8}") = "ApiGateway", "ApiGateway", "{F813403C-23C3-4D12-84E6-5DFB2D2E8C58}"
EndProject
Project("{2150E333-8FDC-42A3-9474-1A3956D46DE8}") = "tests", "tests", "{68AA506C-F705-40B9-8D97-FD2E16C09F78}"
EndProject
Project("{FAE04EC0-301F-11D3-BF4B-00C04F79EFBC}") = "ApiGateway.Api", "src\ApiGateway\ApiGateway.Api\ApiGateway.Api.csproj", "{5380B0C5-072C-412B-AB9F-8A41A0438D7D}"
EndProject
Project("{FAE04EC0-301F-11D3-BF4B-00C04F79EFBC}") = "AuthService.Api", "src\Services\AuthService\AuthService.Api\AuthService.Api.csproj", "{953AA7F3-DABC-40E1-A3FC-CDEAA9054874}"
EndProject
Project("{FAE04EC0-301F-11D3-BF4B-00C04F79EFBC}") = "AuthService.Infrastructure", "src\Services\AuthService\AuthService.Infrastructure\AuthService.Infrastructure.csproj", "{2B5D9A26-73B4-4EA5-A562-6F56E9120CA1}"
EndProject
Project("{FAE04EC0-301F-11D3-BF4B-00C04F79EFBC}") = "AuthService.Domain", "src\Services\AuthService\AuthService.Domain\AuthService.Domain.csproj", "{3DEE366C-8CEF-4125-A9E5-96DD416E5E7E}"
EndProject
Project("{FAE04EC0-301F-11D3-BF4B-00C04F79EFBC}") = "AuthService.Application", "src\Services\AuthService\AuthService.Application\AuthService.Application.csproj", "{AA115FC6-4F85-420B-8094-5486A4D41F2E}"
EndProject
Project("{FAE04EC0-301F-11D3-BF4B-00C04F79EFBC}") = "ExamService.Api", "src\Services\ExamService\ExamService.Api\ExamService.Api.csproj", "{0B635D98-49E9-440C-A67D-E014CB6B6648}"
EndProject
Project("{FAE04EC0-301F-11D3-BF4B-00C04F79EFBC}") = "ExamService.Infrastructure", "src\Services\ExamService\ExamService.Infrastructure\ExamService.Infrastructure.csproj", "{B62C0526-253A-4DB4-B1BD-A4A38CA3AEE5}"
EndProject
Project("{FAE04EC0-301F-11D3-BF4B-00C04F79EFBC}") = "ExamService.Application", "src\Services\ExamService\ExamService.Application\ExamService.Application.csproj", "{6DB9C03D-BBEE-4DB5-AA4F-7EDF7D214859}"
EndProject
Project("{FAE04EC0-301F-11D3-BF4B-00C04F79EFBC}") = "NotificationService.Api", "src\Services\NotificationService\NotificationService.Api\NotificationService.Api.csproj", "{3DE1D7F0-9613-4C1F-92FB-7270129765F4}"
EndProject
Project("{FAE04EC0-301F-11D3-BF4B-00C04F79EFBC}") = "NotificationService.Infrastructure", "src\Services\NotificationService\NotificationService.Infrastructure\NotificationService.Infrastructure.csproj", "{E9079DB2-449A-47F5-B9D0-828691D18ADB}"
EndProject
Project("{FAE04EC0-301F-11D3-BF4B-00C04F79EFBC}") = "NotificationService.Application", "src\Services\NotificationService\NotificationService.Application\NotificationService.Application.csproj", "{8E62A213-618B-4968-B875-71AA7DFB1B1D}"
EndProject
Project("{FAE04EC0-301F-11D3-BF4B-00C04F79EFBC}") = "NotificationService.Domain", "src\Services\NotificationService\NotificationService.Domain\NotificationService.Domain.csproj", "{EA29E24E-0524-474D-B1C1-E652366E2F42}"
EndProject
Project("{FAE04EC0-301F-11D3-BF4B-00C04F79EFBC}") = "SubmissionService.Api", "src\Services\SubmissionService\SubmissionService.Api\SubmissionService.Api.csproj", "{9E3D3A32-ED24-45E9-B392-A1098E8BAACD}"
EndProject
Project("{FAE04EC0-301F-11D3-BF4B-00C04F79EFBC}") = "SubmissionService.Infrastructure", "src\Services\SubmissionService\SubmissionService.Infrastructure\SubmissionService.Infrastructure.csproj", "{A17B0048-CCC1-49AD-BE03-4256ECAE7E03}"
EndProject
Project("{FAE04EC0-301F-11D3-BF4B-00C04F79EFBC}") = "SubmissionService.Application", "src\Services\SubmissionService\SubmissionService.Application\SubmissionService.Application.csproj", "{97A45A45-E965-4327-A8FA-683EEA3A1227}"
EndProject
Project("{FAE04EC0-301F-11D3-BF4B-00C04F79EFBC}") = "SubmissionService.Domain", "src\Services\SubmissionService\SubmissionService.Domain\SubmissionService.Domain.csproj", "{F0F406ED-A8D8-4A54-B807-ACA27C47CEE0}"
EndProject
Project("{FAE04EC0-301F-11D3-BF4B-00C04F79EFBC}") = "Common.Infrastructure", "src\Shared\Common.Infrastructure\Common.Infrastructure.csproj", "{54E605DF-13C6-4CB5-B9CA-063059DFC1D9}"
EndProject
Project("{FAE04EC0-301F-11D3-BF4B-00C04F79EFBC}") = "Common.Application", "src\Shared\Common.Application\Common.Application.csproj", "{2687E96E-0C24-4BD0-976E-D5DF30CEF10E}"
EndProject
Project("{FAE04EC0-301F-11D3-BF4B-00C04F79EFBC}") = "Common.Contracts", "src\Shared\Common.Contracts\Common.Contracts.csproj", "{C3F8E02A-7347-48BA-B440-EBC0BC21351F}"
EndProject
Project("{FAE04EC0-301F-11D3-BF4B-00C04F79EFBC}") = "Common.Domain", "src\Shared\Common.Domain\Common.Domain.csproj", "{B66A8AEC-8F02-4C0F-8804-7F96E4FD30FE}"
EndProject
Project("{FAE04EC0-301F-11D3-BF4B-00C04F79EFBC}") = "AuthService.Tests", "tests\AuthService.Tests\AuthService.Tests.csproj", "{C3A9A24D-A7D7-40FF-AB6B-BC4A455F337E}"
EndProject
Project("{FAE04EC0-301F-11D3-BF4B-00C04F79EFBC}") = "ExamService.Tests", "tests\ExamService.Tests\ExamService.Tests.csproj", "{92AB8265-C4CE-463C-85DB-F96E60C5700E}"
EndProject
Project("{FAE04EC0-301F-11D3-BF4B-00C04F79EFBC}") = "ExamService.Domain", "src\Services\ExamService\ExamService.Domain\ExamService.Domain.csproj", "{6640B7E4-9BF8-40D9-B048-0D3616C20852}"
EndProject
Project("{FAE04EC0-301F-11D3-BF4B-00C04F79EFBC}") = "SubmissionService.Tests", "tests\SubmissionService.Tests\SubmissionService.Tests.csproj", "{C4DD9D49-6571-4C5E-A938-6A4A31669966}"
EndProject
Project("{2150E333-8FDC-42A3-9474-1A3956D46DE8}") = "Unit", "Unit", "{554259F1-2A7F-48A9-9F83-BB378AB43719}"
EndProject
Project("{2150E333-8FDC-42A3-9474-1A3956D46DE8}") = "Integration", "Integration", "{B116594F-A4FB-4B35-B88A-2096CF972777}"
EndProject
Project("{FAE04EC0-301F-11D3-BF4B-00C04F79EFBC}") = "IntegrationTests", "tests\IntegrationTests\IntegrationTests.csproj", "{27BE3E3E-A9CB-4F1C-A851-6DE5852DF9F4}"
EndProject
Global
	GlobalSection(SolutionConfigurationPlatforms) = preSolution
		Debug|Any CPU = Debug|Any CPU
		Debug|x64 = Debug|x64
		Debug|x86 = Debug|x86
		Release|Any CPU = Release|Any CPU
		Release|x64 = Release|x64
		Release|x86 = Release|x86
	EndGlobalSection
	GlobalSection(ProjectConfigurationPlatforms) = postSolution
		{5380B0C5-072C-412B-AB9F-8A41A0438D7D}.Debug|Any CPU.ActiveCfg = Debug|Any CPU
		{5380B0C5-072C-412B-AB9F-8A41A0438D7D}.Debug|Any CPU.Build.0 = Debug|Any CPU
		{5380B0C5-072C-412B-AB9F-8A41A0438D7D}.Debug|x64.ActiveCfg = Debug|Any CPU
		{5380B0C5-072C-412B-AB9F-8A41A0438D7D}.Debug|x64.Build.0 = Debug|Any CPU
		{5380B0C5-072C-412B-AB9F-8A41A0438D7D}.Debug|x86.ActiveCfg = Debug|Any CPU
		{5380B0C5-072C-412B-AB9F-8A41A0438D7D}.Debug|x86.Build.0 = Debug|Any CPU
		{5380B0C5-072C-412B-AB9F-8A41A0438D7D}.Release|Any CPU.ActiveCfg = Release|Any CPU
		{5380B0C5-072C-412B-AB9F-8A41A0438D7D}.Release|Any CPU.Build.0 = Release|Any CPU
		{5380B0C5-072C-412B-AB9F-8A41A0438D7D}.Release|x64.ActiveCfg = Release|Any CPU
		{5380B0C5-072C-412B-AB9F-8A41A0438D7D}.Release|x64.Build.0 = Release|Any CPU
		{5380B0C5-072C-412B-AB9F-8A41A0438D7D}.Release|x86.ActiveCfg = Release|Any CPU
		{5380B0C5-072C-412B-AB9F-8A41A0438D7D}.Release|x86.Build.0 = Release|Any CPU
		{953AA7F3-DABC-40E1-A3FC-CDEAA9054874}.Debug|Any CPU.ActiveCfg = Debug|Any CPU
		{953AA7F3-DABC-40E1-A3FC-CDEAA9054874}.Debug|Any CPU.Build.0 = Debug|Any CPU
		{953AA7F3-DABC-40E1-A3FC-CDEAA9054874}.Debug|x64.ActiveCfg = Debug|Any CPU
		{953AA7F3-DABC-40E1-A3FC-CDEAA9054874}.Debug|x64.Build.0 = Debug|Any CPU
		{953AA7F3-DABC-40E1-A3FC-CDEAA9054874}.Debug|x86.ActiveCfg = Debug|Any CPU
		{953AA7F3-DABC-40E1-A3FC-CDEAA9054874}.Debug|x86.Build.0 = Debug|Any CPU
		{953AA7F3-DABC-40E1-A3FC-CDEAA9054874}.Release|Any CPU.ActiveCfg = Release|Any CPU
		{953AA7F3-DABC-40E1-A3FC-CDEAA9054874}.Release|Any CPU.Build.0 = Release|Any CPU
		{953AA7F3-DABC-40E1-A3FC-CDEAA9054874}.Release|x64.ActiveCfg = Release|Any CPU
		{953AA7F3-DABC-40E1-A3FC-CDEAA9054874}.Release|x64.Build.0 = Release|Any CPU
		{953AA7F3-DABC-40E1-A3FC-CDEAA9054874}.Release|x86.ActiveCfg = Release|Any CPU
		{953AA7F3-DABC-40E1-A3FC-CDEAA9054874}.Release|x86.Build.0 = Release|Any CPU
		{2B5D9A26-73B4-4EA5-A562-6F56E9120CA1}.Debug|Any CPU.ActiveCfg = Debug|Any CPU
		{2B5D9A26-73B4-4EA5-A562-6F56E9120CA1}.Debug|Any CPU.Build.0 = Debug|Any CPU
		{2B5D9A26-73B4-4EA5-A562-6F56E9120CA1}.Debug|x64.ActiveCfg = Debug|Any CPU
		{2B5D9A26-73B4-4EA5-A562-6F56E9120CA1}.Debug|x64.Build.0 = Debug|Any CPU
		{2B5D9A26-73B4-4EA5-A562-6F56E9120CA1}.Debug|x86.ActiveCfg = Debug|Any CPU
		{2B5D9A26-73B4-4EA5-A562-6F56E9120CA1}.Debug|x86.Build.0 = Debug|Any CPU
		{2B5D9A26-73B4-4EA5-A562-6F56E9120CA1}.Release|Any CPU.ActiveCfg = Release|Any CPU
		{2B5D9A26-73B4-4EA5-A562-6F56E9120CA1}.Release|Any CPU.Build.0 = Release|Any CPU
		{2B5D9A26-73B4-4EA5-A562-6F56E9120CA1}.Release|x64.ActiveCfg = Release|Any CPU
		{2B5D9A26-73B4-4EA5-A562-6F56E9120CA1}.Release|x64.Build.0 = Release|Any CPU
		{2B5D9A26-73B4-4EA5-A562-6F56E9120CA1}.Release|x86.ActiveCfg = Release|Any CPU
		{2B5D9A26-73B4-4EA5-A562-6F56E9120CA1}.Release|x86.Build.0 = Release|Any CPU
		{3DEE366C-8CEF-4125-A9E5-96DD416E5E7E}.Debug|Any CPU.ActiveCfg = Debug|Any CPU
		{3DEE366C-8CEF-4125-A9E5-96DD416E5E7E}.Debug|Any CPU.Build.0 = Debug|Any CPU
		{3DEE366C-8CEF-4125-A9E5-96DD416E5E7E}.Debug|x64.ActiveCfg = Debug|Any CPU
		{3DEE366C-8CEF-4125-A9E5-96DD416E5E7E}.Debug|x64.Build.0 = Debug|Any CPU
		{3DEE366C-8CEF-4125-A9E5-96DD416E5E7E}.Debug|x86.ActiveCfg = Debug|Any CPU
		{3DEE366C-8CEF-4125-A9E5-96DD416E5E7E}.Debug|x86.Build.0 = Debug|Any CPU
		{3DEE366C-8CEF-4125-A9E5-96DD416E5E7E}.Release|Any CPU.ActiveCfg = Release|Any CPU
		{3DEE366C-8CEF-4125-A9E5-96DD416E5E7E}.Release|Any CPU.Build.0 = Release|Any CPU
		{3DEE366C-8CEF-4125-A9E5-96DD416E5E7E}.Release|x64.ActiveCfg = Release|Any CPU
		{3DEE366C-8CEF-4125-A9E5-96DD416E5E7E}.Release|x64.Build.0 = Release|Any CPU
		{3DEE366C-8CEF-4125-A9E5-96DD416E5E7E}.Release|x86.ActiveCfg = Release|Any CPU
		{3DEE366C-8CEF-4125-A9E5-96DD416E5E7E}.Release|x86.Build.0 = Release|Any CPU
		{AA115FC6-4F85-420B-8094-5486A4D41F2E}.Debug|Any CPU.ActiveCfg = Debug|Any CPU
		{AA115FC6-4F85-420B-8094-5486A4D41F2E}.Debug|Any CPU.Build.0 = Debug|Any CPU
		{AA115FC6-4F85-420B-8094-5486A4D41F2E}.Debug|x64.ActiveCfg = Debug|Any CPU
		{AA115FC6-4F85-420B-8094-5486A4D41F2E}.Debug|x64.Build.0 = Debug|Any CPU
		{AA115FC6-4F85-420B-8094-5486A4D41F2E}.Debug|x86.ActiveCfg = Debug|Any CPU
		{AA115FC6-4F85-420B-8094-5486A4D41F2E}.Debug|x86.Build.0 = Debug|Any CPU
		{AA115FC6-4F85-420B-8094-5486A4D41F2E}.Release|Any CPU.ActiveCfg = Release|Any CPU
		{AA115FC6-4F85-420B-8094-5486A4D41F2E}.Release|Any CPU.Build.0 = Release|Any CPU
		{AA115FC6-4F85-420B-8094-5486A4D41F2E}.Release|x64.ActiveCfg = Release|Any CPU
		{AA115FC6-4F85-420B-8094-5486A4D41F2E}.Release|x64.Build.0 = Release|Any CPU
		{AA115FC6-4F85-420B-8094-5486A4D41F2E}.Release|x86.ActiveCfg = Release|Any CPU
		{AA115FC6-4F85-420B-8094-5486A4D41F2E}.Release|x86.Build.0 = Release|Any CPU
		{0B635D98-49E9-440C-A67D-E014CB6B6648}.Debug|Any CPU.ActiveCfg = Debug|Any CPU
		{0B635D98-49E9-440C-A67D-E014CB6B6648}.Debug|Any CPU.Build.0 = Debug|Any CPU
		{0B635D98-49E9-440C-A67D-E014CB6B6648}.Debug|x64.ActiveCfg = Debug|Any CPU
		{0B635D98-49E9-440C-A67D-E014CB6B6648}.Debug|x64.Build.0 = Debug|Any CPU
		{0B635D98-49E9-440C-A67D-E014CB6B6648}.Debug|x86.ActiveCfg = Debug|Any CPU
		{0B635D98-49E9-440C-A67D-E014CB6B6648}.Debug|x86.Build.0 = Debug|Any CPU
		{0B635D98-49E9-440C-A67D-E014CB6B6648}.Release|Any CPU.ActiveCfg = Release|Any CPU
		{0B635D98-49E9-440C-A67D-E014CB6B6648}.Release|Any CPU.Build.0 = Release|Any CPU
		{0B635D98-49E9-440C-A67D-E014CB6B6648}.Release|x64.ActiveCfg = Release|Any CPU
		{0B635D98-49E9-440C-A67D-E014CB6B6648}.Release|x64.Build.0 = Release|Any CPU
		{0B635D98-49E9-440C-A67D-E014CB6B6648}.Release|x86.ActiveCfg = Release|Any CPU
		{0B635D98-49E9-440C-A67D-E014CB6B6648}.Release|x86.Build.0 = Release|Any CPU
		{B62C0526-253A-4DB4-B1BD-A4A38CA3AEE5}.Debug|Any CPU.ActiveCfg = Debug|Any CPU
		{B62C0526-253A-4DB4-B1BD-A4A38CA3AEE5}.Debug|Any CPU.Build.0 = Debug|Any CPU
		{B62C0526-253A-4DB4-B1BD-A4A38CA3AEE5}.Debug|x64.ActiveCfg = Debug|Any CPU
		{B62C0526-253A-4DB4-B1BD-A4A38CA3AEE5}.Debug|x64.Build.0 = Debug|Any CPU
		{B62C0526-253A-4DB4-B1BD-A4A38CA3AEE5}.Debug|x86.ActiveCfg = Debug|Any CPU
		{B62C0526-253A-4DB4-B1BD-A4A38CA3AEE5}.Debug|x86.Build.0 = Debug|Any CPU
		{B62C0526-253A-4DB4-B1BD-A4A38CA3AEE5}.Release|Any CPU.ActiveCfg = Release|Any CPU
		{B62C0526-253A-4DB4-B1BD-A4A38CA3AEE5}.Release|Any CPU.Build.0 = Release|Any CPU
		{B62C0526-253A-4DB4-B1BD-A4A38CA3AEE5}.Release|x64.ActiveCfg = Release|Any CPU
		{B62C0526-253A-4DB4-B1BD-A4A38CA3AEE5}.Release|x64.Build.0 = Release|Any CPU
		{B62C0526-253A-4DB4-B1BD-A4A38CA3AEE5}.Release|x86.ActiveCfg = Release|Any CPU
		{B62C0526-253A-4DB4-B1BD-A4A38CA3AEE5}.Release|x86.Build.0 = Release|Any CPU
		{6DB9C03D-BBEE-4DB5-AA4F-7EDF7D214859}.Debug|Any CPU.ActiveCfg = Debug|Any CPU
		{6DB9C03D-BBEE-4DB5-AA4F-7EDF7D214859}.Debug|Any CPU.Build.0 = Debug|Any CPU
		{6DB9C03D-BBEE-4DB5-AA4F-7EDF7D214859}.Debug|x64.ActiveCfg = Debug|Any CPU
		{6DB9C03D-BBEE-4DB5-AA4F-7EDF7D214859}.Debug|x64.Build.0 = Debug|Any CPU
		{6DB9C03D-BBEE-4DB5-AA4F-7EDF7D214859}.Debug|x86.ActiveCfg = Debug|Any CPU
		{6DB9C03D-BBEE-4DB5-AA4F-7EDF7D214859}.Debug|x86.Build.0 = Debug|Any CPU
		{6DB9C03D-BBEE-4DB5-AA4F-7EDF7D214859}.Release|Any CPU.ActiveCfg = Release|Any CPU
		{6DB9C03D-BBEE-4DB5-AA4F-7EDF7D214859}.Release|Any CPU.Build.0 = Release|Any CPU
		{6DB9C03D-BBEE-4DB5-AA4F-7EDF7D214859}.Release|x64.ActiveCfg = Release|Any CPU
		{6DB9C03D-BBEE-4DB5-AA4F-7EDF7D214859}.Release|x64.Build.0 = Release|Any CPU
		{6DB9C03D-BBEE-4DB5-AA4F-7EDF7D214859}.Release|x86.ActiveCfg = Release|Any CPU
		{6DB9C03D-BBEE-4DB5-AA4F-7EDF7D214859}.Release|x86.Build.0 = Release|Any CPU
		{3DE1D7F0-9613-4C1F-92FB-7270129765F4}.Debug|Any CPU.ActiveCfg = Debug|Any CPU
		{3DE1D7F0-9613-4C1F-92FB-7270129765F4}.Debug|Any CPU.Build.0 = Debug|Any CPU
		{3DE1D7F0-9613-4C1F-92FB-7270129765F4}.Debug|x64.ActiveCfg = Debug|Any CPU
		{3DE1D7F0-9613-4C1F-92FB-7270129765F4}.Debug|x64.Build.0 = Debug|Any CPU
		{3DE1D7F0-9613-4C1F-92FB-7270129765F4}.Debug|x86.ActiveCfg = Debug|Any CPU
		{3DE1D7F0-9613-4C1F-92FB-7270129765F4}.Debug|x86.Build.0 = Debug|Any CPU
		{3DE1D7F0-9613-4C1F-92FB-7270129765F4}.Release|Any CPU.ActiveCfg = Release|Any CPU
		{3DE1D7F0-9613-4C1F-92FB-7270129765F4}.Release|Any CPU.Build.0 = Release|Any CPU
		{3DE1D7F0-9613-4C1F-92FB-7270129765F4}.Release|x64.ActiveCfg = Release|Any CPU
		{3DE1D7F0-9613-4C1F-92FB-7270129765F4}.Release|x64.Build.0 = Release|Any CPU
		{3DE1D7F0-9613-4C1F-92FB-7270129765F4}.Release|x86.ActiveCfg = Release|Any CPU
		{3DE1D7F0-9613-4C1F-92FB-7270129765F4}.Release|x86.Build.0 = Release|Any CPU
		{E9079DB2-449A-47F5-B9D0-828691D18ADB}.Debug|Any CPU.ActiveCfg = Debug|Any CPU
		{E9079DB2-449A-47F5-B9D0-828691D18ADB}.Debug|Any CPU.Build.0 = Debug|Any CPU
		{E9079DB2-449A-47F5-B9D0-828691D18ADB}.Debug|x64.ActiveCfg = Debug|Any CPU
		{E9079DB2-449A-47F5-B9D0-828691D18ADB}.Debug|x64.Build.0 = Debug|Any CPU
		{E9079DB2-449A-47F5-B9D0-828691D18ADB}.Debug|x86.ActiveCfg = Debug|Any CPU
		{E9079DB2-449A-47F5-B9D0-828691D18ADB}.Debug|x86.Build.0 = Debug|Any CPU
		{E9079DB2-449A-47F5-B9D0-828691D18ADB}.Release|Any CPU.ActiveCfg = Release|Any CPU
		{E9079DB2-449A-47F5-B9D0-828691D18ADB}.Release|Any CPU.Build.0 = Release|Any CPU
		{E9079DB2-449A-47F5-B9D0-828691D18ADB}.Release|x64.ActiveCfg = Release|Any CPU
		{E9079DB2-449A-47F5-B9D0-828691D18ADB}.Release|x64.Build.0 = Release|Any CPU
		{E9079DB2-449A-47F5-B9D0-828691D18ADB}.Release|x86.ActiveCfg = Release|Any CPU
		{E9079DB2-449A-47F5-B9D0-828691D18ADB}.Release|x86.Build.0 = Release|Any CPU
		{8E62A213-618B-4968-B875-71AA7DFB1B1D}.Debug|Any CPU.ActiveCfg = Debug|Any CPU
		{8E62A213-618B-4968-B875-71AA7DFB1B1D}.Debug|Any CPU.Build.0 = Debug|Any CPU
		{8E62A213-618B-4968-B875-71AA7DFB1B1D}.Debug|x64.ActiveCfg = Debug|Any CPU
		{8E62A213-618B-4968-B875-71AA7DFB1B1D}.Debug|x64.Build.0 = Debug|Any CPU
		{8E62A213-618B-4968-B875-71AA7DFB1B1D}.Debug|x86.ActiveCfg = Debug|Any CPU
		{8E62A213-618B-4968-B875-71AA7DFB1B1D}.Debug|x86.Build.0 = Debug|Any CPU
		{8E62A213-618B-4968-B875-71AA7DFB1B1D}.Release|Any CPU.ActiveCfg = Release|Any CPU
		{8E62A213-618B-4968-B875-71AA7DFB1B1D}.Release|Any CPU.Build.0 = Release|Any CPU
		{8E62A213-618B-4968-B875-71AA7DFB1B1D}.Release|x64.ActiveCfg = Release|Any CPU
		{8E62A213-618B-4968-B875-71AA7DFB1B1D}.Release|x64.Build.0 = Release|Any CPU
		{8E62A213-618B-4968-B875-71AA7DFB1B1D}.Release|x86.ActiveCfg = Release|Any CPU
		{8E62A213-618B-4968-B875-71AA7DFB1B1D}.Release|x86.Build.0 = Release|Any CPU
		{EA29E24E-0524-474D-B1C1-E652366E2F42}.Debug|Any CPU.ActiveCfg = Debug|Any CPU
		{EA29E24E-0524-474D-B1C1-E652366E2F42}.Debug|Any CPU.Build.0 = Debug|Any CPU
		{EA29E24E-0524-474D-B1C1-E652366E2F42}.Debug|x64.ActiveCfg = Debug|Any CPU
		{EA29E24E-0524-474D-B1C1-E652366E2F42}.Debug|x64.Build.0 = Debug|Any CPU
		{EA29E24E-0524-474D-B1C1-E652366E2F42}.Debug|x86.ActiveCfg = Debug|Any CPU
		{EA29E24E-0524-474D-B1C1-E652366E2F42}.Debug|x86.Build.0 = Debug|Any CPU
		{EA29E24E-0524-474D-B1C1-E652366E2F42}.Release|Any CPU.ActiveCfg = Release|Any CPU
		{EA29E24E-0524-474D-B1C1-E652366E2F42}.Release|Any CPU.Build.0 = Release|Any CPU
		{EA29E24E-0524-474D-B1C1-E652366E2F42}.Release|x64.ActiveCfg = Release|Any CPU
		{EA29E24E-0524-474D-B1C1-E652366E2F42}.Release|x64.Build.0 = Release|Any CPU
		{EA29E24E-0524-474D-B1C1-E652366E2F42}.Release|x86.ActiveCfg = Release|Any CPU
		{EA29E24E-0524-474D-B1C1-E652366E2F42}.Release|x86.Build.0 = Release|Any CPU
		{9E3D3A32-ED24-45E9-B392-A1098E8BAACD}.Debug|Any CPU.ActiveCfg = Debug|Any CPU
		{9E3D3A32-ED24-45E9-B392-A1098E8BAACD}.Debug|Any CPU.Build.0 = Debug|Any CPU
		{9E3D3A32-ED24-45E9-B392-A1098E8BAACD}.Debug|x64.ActiveCfg = Debug|Any CPU
		{9E3D3A32-ED24-45E9-B392-A1098E8BAACD}.Debug|x64.Build.0 = Debug|Any CPU
		{9E3D3A32-ED24-45E9-B392-A1098E8BAACD}.Debug|x86.ActiveCfg = Debug|Any CPU
		{9E3D3A32-ED24-45E9-B392-A1098E8BAACD}.Debug|x86.Build.0 = Debug|Any CPU
		{9E3D3A32-ED24-45E9-B392-A1098E8BAACD}.Release|Any CPU.ActiveCfg = Release|Any CPU
		{9E3D3A32-ED24-45E9-B392-A1098E8BAACD}.Release|Any CPU.Build.0 = Release|Any CPU
		{9E3D3A32-ED24-45E9-B392-A1098E8BAACD}.Release|x64.ActiveCfg = Release|Any CPU
		{9E3D3A32-ED24-45E9-B392-A1098E8BAACD}.Release|x64.Build.0 = Release|Any CPU
		{9E3D3A32-ED24-45E9-B392-A1098E8BAACD}.Release|x86.ActiveCfg = Release|Any CPU
		{9E3D3A32-ED24-45E9-B392-A1098E8BAACD}.Release|x86.Build.0 = Release|Any CPU
		{A17B0048-CCC1-49AD-BE03-4256ECAE7E03}.Debug|Any CPU.ActiveCfg = Debug|Any CPU
		{A17B0048-CCC1-49AD-BE03-4256ECAE7E03}.Debug|Any CPU.Build.0 = Debug|Any CPU
		{A17B0048-CCC1-49AD-BE03-4256ECAE7E03}.Debug|x64.ActiveCfg = Debug|Any CPU
		{A17B0048-CCC1-49AD-BE03-4256ECAE7E03}.Debug|x64.Build.0 = Debug|Any CPU
		{A17B0048-CCC1-49AD-BE03-4256ECAE7E03}.Debug|x86.ActiveCfg = Debug|Any CPU
		{A17B0048-CCC1-49AD-BE03-4256ECAE7E03}.Debug|x86.Build.0 = Debug|Any CPU
		{A17B0048-CCC1-49AD-BE03-4256ECAE7E03}.Release|Any CPU.ActiveCfg = Release|Any CPU
		{A17B0048-CCC1-49AD-BE03-4256ECAE7E03}.Release|Any CPU.Build.0 = Release|Any CPU
		{A17B0048-CCC1-49AD-BE03-4256ECAE7E03}.Release|x64.ActiveCfg = Release|Any CPU
		{A17B0048-CCC1-49AD-BE03-4256ECAE7E03}.Release|x64.Build.0 = Release|Any CPU
		{A17B0048-CCC1-49AD-BE03-4256ECAE7E03}.Release|x86.ActiveCfg = Release|Any CPU
		{A17B0048-CCC1-49AD-BE03-4256ECAE7E03}.Release|x86.Build.0 = Release|Any CPU
		{97A45A45-E965-4327-A8FA-683EEA3A1227}.Debug|Any CPU.ActiveCfg = Debug|Any CPU
		{97A45A45-E965-4327-A8FA-683EEA3A1227}.Debug|Any CPU.Build.0 = Debug|Any CPU
		{97A45A45-E965-4327-A8FA-683EEA3A1227}.Debug|x64.ActiveCfg = Debug|Any CPU
		{97A45A45-E965-4327-A8FA-683EEA3A1227}.Debug|x64.Build.0 = Debug|Any CPU
		{97A45A45-E965-4327-A8FA-683EEA3A1227}.Debug|x86.ActiveCfg = Debug|Any CPU
		{97A45A45-E965-4327-A8FA-683EEA3A1227}.Debug|x86.Build.0 = Debug|Any CPU
		{97A45A45-E965-4327-A8FA-683EEA3A1227}.Release|Any CPU.ActiveCfg = Release|Any CPU
		{97A45A45-E965-4327-A8FA-683EEA3A1227}.Release|Any CPU.Build.0 = Release|Any CPU
		{97A45A45-E965-4327-A8FA-683EEA3A1227}.Release|x64.ActiveCfg = Release|Any CPU
		{97A45A45-E965-4327-A8FA-683EEA3A1227}.Release|x64.Build.0 = Release|Any CPU
		{97A45A45-E965-4327-A8FA-683EEA3A1227}.Release|x86.ActiveCfg = Release|Any CPU
		{97A45A45-E965-4327-A8FA-683EEA3A1227}.Release|x86.Build.0 = Release|Any CPU
		{F0F406ED-A8D8-4A54-B807-ACA27C47CEE0}.Debug|Any CPU.ActiveCfg = Debug|Any CPU
		{F0F406ED-A8D8-4A54-B807-ACA27C47CEE0}.Debug|Any CPU.Build.0 = Debug|Any CPU
		{F0F406ED-A8D8-4A54-B807-ACA27C47CEE0}.Debug|x64.ActiveCfg = Debug|Any CPU
		{F0F406ED-A8D8-4A54-B807-ACA27C47CEE0}.Debug|x64.Build.0 = Debug|Any CPU
		{F0F406ED-A8D8-4A54-B807-ACA27C47CEE0}.Debug|x86.ActiveCfg = Debug|Any CPU
		{F0F406ED-A8D8-4A54-B807-ACA27C47CEE0}.Debug|x86.Build.0 = Debug|Any CPU
		{F0F406ED-A8D8-4A54-B807-ACA27C47CEE0}.Release|Any CPU.ActiveCfg = Release|Any CPU
		{F0F406ED-A8D8-4A54-B807-ACA27C47CEE0}.Release|Any CPU.Build.0 = Release|Any CPU
		{F0F406ED-A8D8-4A54-B807-ACA27C47CEE0}.Release|x64.ActiveCfg = Release|Any CPU
		{F0F406ED-A8D8-4A54-B807-ACA27C47CEE0}.Release|x64.Build.0 = Release|Any CPU
		{F0F406ED-A8D8-4A54-B807-ACA27C47CEE0}.Release|x86.ActiveCfg = Release|Any CPU
		{F0F406ED-A8D8-4A54-B807-ACA27C47CEE0}.Release|x86.Build.0 = Release|Any CPU
		{54E605DF-13C6-4CB5-B9CA-063059DFC1D9}.Debug|Any CPU.ActiveCfg = Debug|Any CPU
		{54E605DF-13C6-4CB5-B9CA-063059DFC1D9}.Debug|Any CPU.Build.0 = Debug|Any CPU
		{54E605DF-13C6-4CB5-B9CA-063059DFC1D9}.Debug|x64.ActiveCfg = Debug|Any CPU
		{54E605DF-13C6-4CB5-B9CA-063059DFC1D9}.Debug|x64.Build.0 = Debug|Any CPU
		{54E605DF-13C6-4CB5-B9CA-063059DFC1D9}.Debug|x86.ActiveCfg = Debug|Any CPU
		{54E605DF-13C6-4CB5-B9CA-063059DFC1D9}.Debug|x86.Build.0 = Debug|Any CPU
		{54E605DF-13C6-4CB5-B9CA-063059DFC1D9}.Release|Any CPU.ActiveCfg = Release|Any CPU
		{54E605DF-13C6-4CB5-B9CA-063059DFC1D9}.Release|Any CPU.Build.0 = Release|Any CPU
		{54E605DF-13C6-4CB5-B9CA-063059DFC1D9}.Release|x64.ActiveCfg = Release|Any CPU
		{54E605DF-13C6-4CB5-B9CA-063059DFC1D9}.Release|x64.Build.0 = Release|Any CPU
		{54E605DF-13C6-4CB5-B9CA-063059DFC1D9}.Release|x86.ActiveCfg = Release|Any CPU
		{54E605DF-13C6-4CB5-B9CA-063059DFC1D9}.Release|x86.Build.0 = Release|Any CPU
		{2687E96E-0C24-4BD0-976E-D5DF30CEF10E}.Debug|Any CPU.ActiveCfg = Debug|Any CPU
		{2687E96E-0C24-4BD0-976E-D5DF30CEF10E}.Debug|Any CPU.Build.0 = Debug|Any CPU
		{2687E96E-0C24-4BD0-976E-D5DF30CEF10E}.Debug|x64.ActiveCfg = Debug|Any CPU
		{2687E96E-0C24-4BD0-976E-D5DF30CEF10E}.Debug|x64.Build.0 = Debug|Any CPU
		{2687E96E-0C24-4BD0-976E-D5DF30CEF10E}.Debug|x86.ActiveCfg = Debug|Any CPU
		{2687E96E-0C24-4BD0-976E-D5DF30CEF10E}.Debug|x86.Build.0 = Debug|Any CPU
		{2687E96E-0C24-4BD0-976E-D5DF30CEF10E}.Release|Any CPU.ActiveCfg = Release|Any CPU
		{2687E96E-0C24-4BD0-976E-D5DF30CEF10E}.Release|Any CPU.Build.0 = Release|Any CPU
		{2687E96E-0C24-4BD0-976E-D5DF30CEF10E}.Release|x64.ActiveCfg = Release|Any CPU
		{2687E96E-0C24-4BD0-976E-D5DF30CEF10E}.Release|x64.Build.0 = Release|Any CPU
		{2687E96E-0C24-4BD0-976E-D5DF30CEF10E}.Release|x86.ActiveCfg = Release|Any CPU
		{2687E96E-0C24-4BD0-976E-D5DF30CEF10E}.Release|x86.Build.0 = Release|Any CPU
		{C3F8E02A-7347-48BA-B440-EBC0BC21351F}.Debug|Any CPU.ActiveCfg = Debug|Any CPU
		{C3F8E02A-7347-48BA-B440-EBC0BC21351F}.Debug|Any CPU.Build.0 = Debug|Any CPU
		{C3F8E02A-7347-48BA-B440-EBC0BC21351F}.Debug|x64.ActiveCfg = Debug|Any CPU
		{C3F8E02A-7347-48BA-B440-EBC0BC21351F}.Debug|x64.Build.0 = Debug|Any CPU
		{C3F8E02A-7347-48BA-B440-EBC0BC21351F}.Debug|x86.ActiveCfg = Debug|Any CPU
		{C3F8E02A-7347-48BA-B440-EBC0BC21351F}.Debug|x86.Build.0 = Debug|Any CPU
		{C3F8E02A-7347-48BA-B440-EBC0BC21351F}.Release|Any CPU.ActiveCfg = Release|Any CPU
		{C3F8E02A-7347-48BA-B440-EBC0BC21351F}.Release|Any CPU.Build.0 = Release|Any CPU
		{C3F8E02A-7347-48BA-B440-EBC0BC21351F}.Release|x64.ActiveCfg = Release|Any CPU
		{C3F8E02A-7347-48BA-B440-EBC0BC21351F}.Release|x64.Build.0 = Release|Any CPU
		{C3F8E02A-7347-48BA-B440-EBC0BC21351F}.Release|x86.ActiveCfg = Release|Any CPU
		{C3F8E02A-7347-48BA-B440-EBC0BC21351F}.Release|x86.Build.0 = Release|Any CPU
		{B66A8AEC-8F02-4C0F-8804-7F96E4FD30FE}.Debug|Any CPU.ActiveCfg = Debug|Any CPU
		{B66A8AEC-8F02-4C0F-8804-7F96E4FD30FE}.Debug|Any CPU.Build.0 = Debug|Any CPU
		{B66A8AEC-8F02-4C0F-8804-7F96E4FD30FE}.Debug|x64.ActiveCfg = Debug|Any CPU
		{B66A8AEC-8F02-4C0F-8804-7F96E4FD30FE}.Debug|x64.Build.0 = Debug|Any CPU
		{B66A8AEC-8F02-4C0F-8804-7F96E4FD30FE}.Debug|x86.ActiveCfg = Debug|Any CPU
		{B66A8AEC-8F02-4C0F-8804-7F96E4FD30FE}.Debug|x86.Build.0 = Debug|Any CPU
		{B66A8AEC-8F02-4C0F-8804-7F96E4FD30FE}.Release|Any CPU.ActiveCfg = Release|Any CPU
		{B66A8AEC-8F02-4C0F-8804-7F96E4FD30FE}.Release|Any CPU.Build.0 = Release|Any CPU
		{B66A8AEC-8F02-4C0F-8804-7F96E4FD30FE}.Release|x64.ActiveCfg = Release|Any CPU
		{B66A8AEC-8F02-4C0F-8804-7F96E4FD30FE}.Release|x64.Build.0 = Release|Any CPU
		{B66A8AEC-8F02-4C0F-8804-7F96E4FD30FE}.Release|x86.ActiveCfg = Release|Any CPU
		{B66A8AEC-8F02-4C0F-8804-7F96E4FD30FE}.Release|x86.Build.0 = Release|Any CPU
		{C3A9A24D-A7D7-40FF-AB6B-BC4A455F337E}.Debug|Any CPU.ActiveCfg = Debug|Any CPU
		{C3A9A24D-A7D7-40FF-AB6B-BC4A455F337E}.Debug|Any CPU.Build.0 = Debug|Any CPU
		{C3A9A24D-A7D7-40FF-AB6B-BC4A455F337E}.Debug|x64.ActiveCfg = Debug|Any CPU
		{C3A9A24D-A7D7-40FF-AB6B-BC4A455F337E}.Debug|x64.Build.0 = Debug|Any CPU
		{C3A9A24D-A7D7-40FF-AB6B-BC4A455F337E}.Debug|x86.ActiveCfg = Debug|Any CPU
		{C3A9A24D-A7D7-40FF-AB6B-BC4A455F337E}.Debug|x86.Build.0 = Debug|Any CPU
		{C3A9A24D-A7D7-40FF-AB6B-BC4A455F337E}.Release|Any CPU.ActiveCfg = Release|Any CPU
		{C3A9A24D-A7D7-40FF-AB6B-BC4A455F337E}.Release|Any CPU.Build.0 = Release|Any CPU
		{C3A9A24D-A7D7-40FF-AB6B-BC4A455F337E}.Release|x64.ActiveCfg = Release|Any CPU
		{C3A9A24D-A7D7-40FF-AB6B-BC4A455F337E}.Release|x64.Build.0 = Release|Any CPU
		{C3A9A24D-A7D7-40FF-AB6B-BC4A455F337E}.Release|x86.ActiveCfg = Release|Any CPU
		{C3A9A24D-A7D7-40FF-AB6B-BC4A455F337E}.Release|x86.Build.0 = Release|Any CPU
		{92AB8265-C4CE-463C-85DB-F96E60C5700E}.Debug|Any CPU.ActiveCfg = Debug|Any CPU
		{92AB8265-C4CE-463C-85DB-F96E60C5700E}.Debug|Any CPU.Build.0 = Debug|Any CPU
		{92AB8265-C4CE-463C-85DB-F96E60C5700E}.Debug|x64.ActiveCfg = Debug|Any CPU
		{92AB8265-C4CE-463C-85DB-F96E60C5700E}.Debug|x64.Build.0 = Debug|Any CPU
		{92AB8265-C4CE-463C-85DB-F96E60C5700E}.Debug|x86.ActiveCfg = Debug|Any CPU
		{92AB8265-C4CE-463C-85DB-F96E60C5700E}.Debug|x86.Build.0 = Debug|Any CPU
		{92AB8265-C4CE-463C-85DB-F96E60C5700E}.Release|Any CPU.ActiveCfg = Release|Any CPU
		{92AB8265-C4CE-463C-85DB-F96E60C5700E}.Release|Any CPU.Build.0 = Release|Any CPU
		{92AB8265-C4CE-463C-85DB-F96E60C5700E}.Release|x64.ActiveCfg = Release|Any CPU
		{92AB8265-C4CE-463C-85DB-F96E60C5700E}.Release|x64.Build.0 = Release|Any CPU
		{92AB8265-C4CE-463C-85DB-F96E60C5700E}.Release|x86.ActiveCfg = Release|Any CPU
		{92AB8265-C4CE-463C-85DB-F96E60C5700E}.Release|x86.Build.0 = Release|Any CPU
		{6640B7E4-9BF8-40D9-B048-0D3616C20852}.Debug|Any CPU.ActiveCfg = Debug|Any CPU
		{6640B7E4-9BF8-40D9-B048-0D3616C20852}.Debug|Any CPU.Build.0 = Debug|Any CPU
		{6640B7E4-9BF8-40D9-B048-0D3616C20852}.Debug|x64.ActiveCfg = Debug|Any CPU
		{6640B7E4-9BF8-40D9-B048-0D3616C20852}.Debug|x64.Build.0 = Debug|Any CPU
		{6640B7E4-9BF8-40D9-B048-0D3616C20852}.Debug|x86.ActiveCfg = Debug|Any CPU
		{6640B7E4-9BF8-40D9-B048-0D3616C20852}.Debug|x86.Build.0 = Debug|Any CPU
		{6640B7E4-9BF8-40D9-B048-0D3616C20852}.Release|Any CPU.ActiveCfg = Release|Any CPU
		{6640B7E4-9BF8-40D9-B048-0D3616C20852}.Release|Any CPU.Build.0 = Release|Any CPU
		{6640B7E4-9BF8-40D9-B048-0D3616C20852}.Release|x64.ActiveCfg = Release|Any CPU
		{6640B7E4-9BF8-40D9-B048-0D3616C20852}.Release|x64.Build.0 = Release|Any CPU
		{6640B7E4-9BF8-40D9-B048-0D3616C20852}.Release|x86.ActiveCfg = Release|Any CPU
		{6640B7E4-9BF8-40D9-B048-0D3616C20852}.Release|x86.Build.0 = Release|Any CPU
		{C4DD9D49-6571-4C5E-A938-6A4A31669966}.Debug|Any CPU.ActiveCfg = Debug|Any CPU
		{C4DD9D49-6571-4C5E-A938-6A4A31669966}.Debug|Any CPU.Build.0 = Debug|Any CPU
		{C4DD9D49-6571-4C5E-A938-6A4A31669966}.Debug|x64.ActiveCfg = Debug|Any CPU
		{C4DD9D49-6571-4C5E-A938-6A4A31669966}.Debug|x64.Build.0 = Debug|Any CPU
		{C4DD9D49-6571-4C5E-A938-6A4A31669966}.Debug|x86.ActiveCfg = Debug|Any CPU
		{C4DD9D49-6571-4C5E-A938-6A4A31669966}.Debug|x86.Build.0 = Debug|Any CPU
		{C4DD9D49-6571-4C5E-A938-6A4A31669966}.Release|Any CPU.ActiveCfg = Release|Any CPU
		{C4DD9D49-6571-4C5E-A938-6A4A31669966}.Release|Any CPU.Build.0 = Release|Any CPU
		{C4DD9D49-6571-4C5E-A938-6A4A31669966}.Release|x64.ActiveCfg = Release|Any CPU
		{C4DD9D49-6571-4C5E-A938-6A4A31669966}.Release|x64.Build.0 = Release|Any CPU
		{C4DD9D49-6571-4C5E-A938-6A4A31669966}.Release|x86.ActiveCfg = Release|Any CPU
		{C4DD9D49-6571-4C5E-A938-6A4A31669966}.Release|x86.Build.0 = Release|Any CPU
		{27BE3E3E-A9CB-4F1C-A851-6DE5852DF9F4}.Debug|Any CPU.ActiveCfg = Debug|Any CPU
		{27BE3E3E-A9CB-4F1C-A851-6DE5852DF9F4}.Debug|Any CPU.Build.0 = Debug|Any CPU
		{27BE3E3E-A9CB-4F1C-A851-6DE5852DF9F4}.Debug|x64.ActiveCfg = Debug|Any CPU
		{27BE3E3E-A9CB-4F1C-A851-6DE5852DF9F4}.Debug|x64.Build.0 = Debug|Any CPU
		{27BE3E3E-A9CB-4F1C-A851-6DE5852DF9F4}.Debug|x86.ActiveCfg = Debug|Any CPU
		{27BE3E3E-A9CB-4F1C-A851-6DE5852DF9F4}.Debug|x86.Build.0 = Debug|Any CPU
		{27BE3E3E-A9CB-4F1C-A851-6DE5852DF9F4}.Release|Any CPU.ActiveCfg = Release|Any CPU
		{27BE3E3E-A9CB-4F1C-A851-6DE5852DF9F4}.Release|Any CPU.Build.0 = Release|Any CPU
		{27BE3E3E-A9CB-4F1C-A851-6DE5852DF9F4}.Release|x64.ActiveCfg = Release|Any CPU
		{27BE3E3E-A9CB-4F1C-A851-6DE5852DF9F4}.Release|x64.Build.0 = Release|Any CPU
		{27BE3E3E-A9CB-4F1C-A851-6DE5852DF9F4}.Release|x86.ActiveCfg = Release|Any CPU
		{27BE3E3E-A9CB-4F1C-A851-6DE5852DF9F4}.Release|x86.Build.0 = Release|Any CPU
	EndGlobalSection
	GlobalSection(SolutionProperties) = preSolution
		HideSolutionNode = FALSE
	EndGlobalSection
	GlobalSection(NestedProjects) = preSolution
		{C8E42992-5E42-0C2B-DBFE-AA848D06431C} = {827E0CD3-B72D-47B6-A68D-7590B98EB39B}
		{378295AF-C144-6721-7CFF-8DE6E58ED8C7} = {5854FF58-B8C5-05C6-5BF2-ACE42193F22B}
		{5854FF58-B8C5-05C6-5BF2-ACE42193F22B} = {827E0CD3-B72D-47B6-A68D-7590B98EB39B}
		{F0221AFA-3109-4088-AFAE-F8301D49F752} = {5854FF58-B8C5-05C6-5BF2-ACE42193F22B}
		{910DFDEC-5F82-4575-8744-CEF61FAB1E6C} = {5854FF58-B8C5-05C6-5BF2-ACE42193F22B}
		{3D0292DF-1B38-4F32-97E0-A91159C36283} = {5854FF58-B8C5-05C6-5BF2-ACE42193F22B}
		{F813403C-23C3-4D12-84E6-5DFB2D2E8C58} = {827E0CD3-B72D-47B6-A68D-7590B98EB39B}
		{AA115FC6-4F85-420B-8094-5486A4D41F2E} = {378295AF-C144-6721-7CFF-8DE6E58ED8C7}
		{953AA7F3-DABC-40E1-A3FC-CDEAA9054874} = {378295AF-C144-6721-7CFF-8DE6E58ED8C7}
		{3DEE366C-8CEF-4125-A9E5-96DD416E5E7E} = {378295AF-C144-6721-7CFF-8DE6E58ED8C7}
		{2B5D9A26-73B4-4EA5-A562-6F56E9120CA1} = {378295AF-C144-6721-7CFF-8DE6E58ED8C7}
		{5380B0C5-072C-412B-AB9F-8A41A0438D7D} = {F813403C-23C3-4D12-84E6-5DFB2D2E8C58}
		{0B635D98-49E9-440C-A67D-E014CB6B6648} = {F0221AFA-3109-4088-AFAE-F8301D49F752}
		{B62C0526-253A-4DB4-B1BD-A4A38CA3AEE5} = {F0221AFA-3109-4088-AFAE-F8301D49F752}
		{6DB9C03D-BBEE-4DB5-AA4F-7EDF7D214859} = {F0221AFA-3109-4088-AFAE-F8301D49F752}
		{3DE1D7F0-9613-4C1F-92FB-7270129765F4} = {3D0292DF-1B38-4F32-97E0-A91159C36283}
		{E9079DB2-449A-47F5-B9D0-828691D18ADB} = {3D0292DF-1B38-4F32-97E0-A91159C36283}
		{8E62A213-618B-4968-B875-71AA7DFB1B1D} = {3D0292DF-1B38-4F32-97E0-A91159C36283}
		{EA29E24E-0524-474D-B1C1-E652366E2F42} = {3D0292DF-1B38-4F32-97E0-A91159C36283}
		{9E3D3A32-ED24-45E9-B392-A1098E8BAACD} = {910DFDEC-5F82-4575-8744-CEF61FAB1E6C}
		{A17B0048-CCC1-49AD-BE03-4256ECAE7E03} = {910DFDEC-5F82-4575-8744-CEF61FAB1E6C}
		{97A45A45-E965-4327-A8FA-683EEA3A1227} = {910DFDEC-5F82-4575-8744-CEF61FAB1E6C}
		{F0F406ED-A8D8-4A54-B807-ACA27C47CEE0} = {910DFDEC-5F82-4575-8744-CEF61FAB1E6C}
		{54E605DF-13C6-4CB5-B9CA-063059DFC1D9} = {C8E42992-5E42-0C2B-DBFE-AA848D06431C}
		{2687E96E-0C24-4BD0-976E-D5DF30CEF10E} = {C8E42992-5E42-0C2B-DBFE-AA848D06431C}
		{C3F8E02A-7347-48BA-B440-EBC0BC21351F} = {C8E42992-5E42-0C2B-DBFE-AA848D06431C}
		{B66A8AEC-8F02-4C0F-8804-7F96E4FD30FE} = {C8E42992-5E42-0C2B-DBFE-AA848D06431C}
		{6640B7E4-9BF8-40D9-B048-0D3616C20852} = {F0221AFA-3109-4088-AFAE-F8301D49F752}
		{554259F1-2A7F-48A9-9F83-BB378AB43719} = {68AA506C-F705-40B9-8D97-FD2E16C09F78}
		{C3A9A24D-A7D7-40FF-AB6B-BC4A455F337E} = {554259F1-2A7F-48A9-9F83-BB378AB43719}
		{92AB8265-C4CE-463C-85DB-F96E60C5700E} = {554259F1-2A7F-48A9-9F83-BB378AB43719}
		{C4DD9D49-6571-4C5E-A938-6A4A31669966} = {554259F1-2A7F-48A9-9F83-BB378AB43719}
		{B116594F-A4FB-4B35-B88A-2096CF972777} = {68AA506C-F705-40B9-8D97-FD2E16C09F78}
		{27BE3E3E-A9CB-4F1C-A851-6DE5852DF9F4} = {B116594F-A4FB-4B35-B88A-2096CF972777}
	EndGlobalSection
	GlobalSection(ExtensibilityGlobals) = postSolution
		SolutionGuid = {25869AD6-3AF1-4C15-A18D-AE7D073CD061}
	EndGlobalSection
EndGlobal
