
Microsoft Visual Studio Solution File, Format Version 12.00
# Visual Studio Version 17
VisualStudioVersion = 17.0.31903.59
MinimumVisualStudioVersion = 10.0.40219.1
Project("{FAE04EC0-301F-11D3-BF4B-00C04F79EFBC}") = "SubmissionService.Domain", "SubmissionService.Domain\SubmissionService.Domain.csproj", "{3496D2E0-76B5-41FB-AA13-F12B5A4A88C6}"
EndProject
Project("{FAE04EC0-301F-11D3-BF4B-00C04F79EFBC}") = "SubmissionService.Application", "SubmissionService.Application\SubmissionService.Application.csproj", "{A40034CE-5385-481D-BCFE-7ACB30B72483}"
EndProject
Project("{FAE04EC0-301F-11D3-BF4B-00C04F79EFBC}") = "SubmissionService.Infrastructure", "SubmissionService.Infrastructure\SubmissionService.Infrastructure.csproj", "{79511DFB-4820-4ECC-9D6F-67968020F98B}"
EndProject
Project("{FAE04EC0-301F-11D3-BF4B-00C04F79EFBC}") = "SubmissionService.Api", "SubmissionService.Api\SubmissionService.Api.csproj", "{C9BCC38B-A165-4547-B435-CDB49A552277}"
EndProject
Project("{FAE04EC0-301F-11D3-BF4B-00C04F79EFBC}") = "Common.Domain", "..\..\Shared\Common.Domain\Common.Domain.csproj", "{0485B4AD-C1A7-46B0-8375-60E5C30C99F4}"
EndProject
Project("{FAE04EC0-301F-11D3-BF4B-00C04F79EFBC}") = "Common.Infrastructure", "..\..\Shared\Common.Infrastructure\Common.Infrastructure.csproj", "{09BA40F7-486A-495F-9D6E-E250138A9F82}"
EndProject
Project("{FAE04EC0-301F-11D3-BF4B-00C04F79EFBC}") = "Common.Application", "..\..\Shared\Common.Application\Common.Application.csproj", "{B6F8B583-FC53-472F-A1EF-D3C6C173087A}"
EndProject
Project("{FAE04EC0-301F-11D3-BF4B-00C04F79EFBC}") = "Common.Contracts", "..\..\Shared\Common.Contracts\Common.Contracts.csproj", "{9DDA883D-5D90-4617-942C-EF6D4EE1D5C3}"
EndProject
Global
	GlobalSection(SolutionConfigurationPlatforms) = preSolution
		Debug|Any CPU = Debug|Any CPU
		Debug|x64 = Debug|x64
		Debug|x86 = Debug|x86
		Release|Any CPU = Release|Any CPU
		Release|x64 = Release|x64
		Release|x86 = Release|x86
	EndGlobalSection
	GlobalSection(ProjectConfigurationPlatforms) = postSolution
		{3496D2E0-76B5-41FB-AA13-F12B5A4A88C6}.Debug|Any CPU.ActiveCfg = Debug|Any CPU
		{3496D2E0-76B5-41FB-AA13-F12B5A4A88C6}.Debug|Any CPU.Build.0 = Debug|Any CPU
		{3496D2E0-76B5-41FB-AA13-F12B5A4A88C6}.Debug|x64.ActiveCfg = Debug|Any CPU
		{3496D2E0-76B5-41FB-AA13-F12B5A4A88C6}.Debug|x64.Build.0 = Debug|Any CPU
		{3496D2E0-76B5-41FB-AA13-F12B5A4A88C6}.Debug|x86.ActiveCfg = Debug|Any CPU
		{3496D2E0-76B5-41FB-AA13-F12B5A4A88C6}.Debug|x86.Build.0 = Debug|Any CPU
		{3496D2E0-76B5-41FB-AA13-F12B5A4A88C6}.Release|Any CPU.ActiveCfg = Release|Any CPU
		{3496D2E0-76B5-41FB-AA13-F12B5A4A88C6}.Release|Any CPU.Build.0 = Release|Any CPU
		{3496D2E0-76B5-41FB-AA13-F12B5A4A88C6}.Release|x64.ActiveCfg = Release|Any CPU
		{3496D2E0-76B5-41FB-AA13-F12B5A4A88C6}.Release|x64.Build.0 = Release|Any CPU
		{3496D2E0-76B5-41FB-AA13-F12B5A4A88C6}.Release|x86.ActiveCfg = Release|Any CPU
		{3496D2E0-76B5-41FB-AA13-F12B5A4A88C6}.Release|x86.Build.0 = Release|Any CPU
		{A40034CE-5385-481D-BCFE-7ACB30B72483}.Debug|Any CPU.ActiveCfg = Debug|Any CPU
		{A40034CE-5385-481D-BCFE-7ACB30B72483}.Debug|Any CPU.Build.0 = Debug|Any CPU
		{A40034CE-5385-481D-BCFE-7ACB30B72483}.Debug|x64.ActiveCfg = Debug|Any CPU
		{A40034CE-5385-481D-BCFE-7ACB30B72483}.Debug|x64.Build.0 = Debug|Any CPU
		{A40034CE-5385-481D-BCFE-7ACB30B72483}.Debug|x86.ActiveCfg = Debug|Any CPU
		{A40034CE-5385-481D-BCFE-7ACB30B72483}.Debug|x86.Build.0 = Debug|Any CPU
		{A40034CE-5385-481D-BCFE-7ACB30B72483}.Release|Any CPU.ActiveCfg = Release|Any CPU
		{A40034CE-5385-481D-BCFE-7ACB30B72483}.Release|Any CPU.Build.0 = Release|Any CPU
		{A40034CE-5385-481D-BCFE-7ACB30B72483}.Release|x64.ActiveCfg = Release|Any CPU
		{A40034CE-5385-481D-BCFE-7ACB30B72483}.Release|x64.Build.0 = Release|Any CPU
		{A40034CE-5385-481D-BCFE-7ACB30B72483}.Release|x86.ActiveCfg = Release|Any CPU
		{A40034CE-5385-481D-BCFE-7ACB30B72483}.Release|x86.Build.0 = Release|Any CPU
		{79511DFB-4820-4ECC-9D6F-67968020F98B}.Debug|Any CPU.ActiveCfg = Debug|Any CPU
		{79511DFB-4820-4ECC-9D6F-67968020F98B}.Debug|Any CPU.Build.0 = Debug|Any CPU
		{79511DFB-4820-4ECC-9D6F-67968020F98B}.Debug|x64.ActiveCfg = Debug|Any CPU
		{79511DFB-4820-4ECC-9D6F-67968020F98B}.Debug|x64.Build.0 = Debug|Any CPU
		{79511DFB-4820-4ECC-9D6F-67968020F98B}.Debug|x86.ActiveCfg = Debug|Any CPU
		{79511DFB-4820-4ECC-9D6F-67968020F98B}.Debug|x86.Build.0 = Debug|Any CPU
		{79511DFB-4820-4ECC-9D6F-67968020F98B}.Release|Any CPU.ActiveCfg = Release|Any CPU
		{79511DFB-4820-4ECC-9D6F-67968020F98B}.Release|Any CPU.Build.0 = Release|Any CPU
		{79511DFB-4820-4ECC-9D6F-67968020F98B}.Release|x64.ActiveCfg = Release|Any CPU
		{79511DFB-4820-4ECC-9D6F-67968020F98B}.Release|x64.Build.0 = Release|Any CPU
		{79511DFB-4820-4ECC-9D6F-67968020F98B}.Release|x86.ActiveCfg = Release|Any CPU
		{79511DFB-4820-4ECC-9D6F-67968020F98B}.Release|x86.Build.0 = Release|Any CPU
		{C9BCC38B-A165-4547-B435-CDB49A552277}.Debug|Any CPU.ActiveCfg = Debug|Any CPU
		{C9BCC38B-A165-4547-B435-CDB49A552277}.Debug|Any CPU.Build.0 = Debug|Any CPU
		{C9BCC38B-A165-4547-B435-CDB49A552277}.Debug|x64.ActiveCfg = Debug|Any CPU
		{C9BCC38B-A165-4547-B435-CDB49A552277}.Debug|x64.Build.0 = Debug|Any CPU
		{C9BCC38B-A165-4547-B435-CDB49A552277}.Debug|x86.ActiveCfg = Debug|Any CPU
		{C9BCC38B-A165-4547-B435-CDB49A552277}.Debug|x86.Build.0 = Debug|Any CPU
		{C9BCC38B-A165-4547-B435-CDB49A552277}.Release|Any CPU.ActiveCfg = Release|Any CPU
		{C9BCC38B-A165-4547-B435-CDB49A552277}.Release|Any CPU.Build.0 = Release|Any CPU
		{C9BCC38B-A165-4547-B435-CDB49A552277}.Release|x64.ActiveCfg = Release|Any CPU
		{C9BCC38B-A165-4547-B435-CDB49A552277}.Release|x64.Build.0 = Release|Any CPU
		{C9BCC38B-A165-4547-B435-CDB49A552277}.Release|x86.ActiveCfg = Release|Any CPU
		{C9BCC38B-A165-4547-B435-CDB49A552277}.Release|x86.Build.0 = Release|Any CPU
		{0485B4AD-C1A7-46B0-8375-60E5C30C99F4}.Debug|Any CPU.ActiveCfg = Debug|Any CPU
		{0485B4AD-C1A7-46B0-8375-60E5C30C99F4}.Debug|Any CPU.Build.0 = Debug|Any CPU
		{0485B4AD-C1A7-46B0-8375-60E5C30C99F4}.Debug|x64.ActiveCfg = Debug|Any CPU
		{0485B4AD-C1A7-46B0-8375-60E5C30C99F4}.Debug|x64.Build.0 = Debug|Any CPU
		{0485B4AD-C1A7-46B0-8375-60E5C30C99F4}.Debug|x86.ActiveCfg = Debug|Any CPU
		{0485B4AD-C1A7-46B0-8375-60E5C30C99F4}.Debug|x86.Build.0 = Debug|Any CPU
		{0485B4AD-C1A7-46B0-8375-60E5C30C99F4}.Release|Any CPU.ActiveCfg = Release|Any CPU
		{0485B4AD-C1A7-46B0-8375-60E5C30C99F4}.Release|Any CPU.Build.0 = Release|Any CPU
		{0485B4AD-C1A7-46B0-8375-60E5C30C99F4}.Release|x64.ActiveCfg = Release|Any CPU
		{0485B4AD-C1A7-46B0-8375-60E5C30C99F4}.Release|x64.Build.0 = Release|Any CPU
		{0485B4AD-C1A7-46B0-8375-60E5C30C99F4}.Release|x86.ActiveCfg = Release|Any CPU
		{0485B4AD-C1A7-46B0-8375-60E5C30C99F4}.Release|x86.Build.0 = Release|Any CPU
		{09BA40F7-486A-495F-9D6E-E250138A9F82}.Debug|Any CPU.ActiveCfg = Debug|Any CPU
		{09BA40F7-486A-495F-9D6E-E250138A9F82}.Debug|Any CPU.Build.0 = Debug|Any CPU
		{09BA40F7-486A-495F-9D6E-E250138A9F82}.Debug|x64.ActiveCfg = Debug|Any CPU
		{09BA40F7-486A-495F-9D6E-E250138A9F82}.Debug|x64.Build.0 = Debug|Any CPU
		{09BA40F7-486A-495F-9D6E-E250138A9F82}.Debug|x86.ActiveCfg = Debug|Any CPU
		{09BA40F7-486A-495F-9D6E-E250138A9F82}.Debug|x86.Build.0 = Debug|Any CPU
		{09BA40F7-486A-495F-9D6E-E250138A9F82}.Release|Any CPU.ActiveCfg = Release|Any CPU
		{09BA40F7-486A-495F-9D6E-E250138A9F82}.Release|Any CPU.Build.0 = Release|Any CPU
		{09BA40F7-486A-495F-9D6E-E250138A9F82}.Release|x64.ActiveCfg = Release|Any CPU
		{09BA40F7-486A-495F-9D6E-E250138A9F82}.Release|x64.Build.0 = Release|Any CPU
		{09BA40F7-486A-495F-9D6E-E250138A9F82}.Release|x86.ActiveCfg = Release|Any CPU
		{09BA40F7-486A-495F-9D6E-E250138A9F82}.Release|x86.Build.0 = Release|Any CPU
		{B6F8B583-FC53-472F-A1EF-D3C6C173087A}.Debug|Any CPU.ActiveCfg = Debug|Any CPU
		{B6F8B583-FC53-472F-A1EF-D3C6C173087A}.Debug|Any CPU.Build.0 = Debug|Any CPU
		{B6F8B583-FC53-472F-A1EF-D3C6C173087A}.Debug|x64.ActiveCfg = Debug|Any CPU
		{B6F8B583-FC53-472F-A1EF-D3C6C173087A}.Debug|x64.Build.0 = Debug|Any CPU
		{B6F8B583-FC53-472F-A1EF-D3C6C173087A}.Debug|x86.ActiveCfg = Debug|Any CPU
		{B6F8B583-FC53-472F-A1EF-D3C6C173087A}.Debug|x86.Build.0 = Debug|Any CPU
		{B6F8B583-FC53-472F-A1EF-D3C6C173087A}.Release|Any CPU.ActiveCfg = Release|Any CPU
		{B6F8B583-FC53-472F-A1EF-D3C6C173087A}.Release|Any CPU.Build.0 = Release|Any CPU
		{B6F8B583-FC53-472F-A1EF-D3C6C173087A}.Release|x64.ActiveCfg = Release|Any CPU
		{B6F8B583-FC53-472F-A1EF-D3C6C173087A}.Release|x64.Build.0 = Release|Any CPU
		{B6F8B583-FC53-472F-A1EF-D3C6C173087A}.Release|x86.ActiveCfg = Release|Any CPU
		{B6F8B583-FC53-472F-A1EF-D3C6C173087A}.Release|x86.Build.0 = Release|Any CPU
		{9DDA883D-5D90-4617-942C-EF6D4EE1D5C3}.Debug|Any CPU.ActiveCfg = Debug|Any CPU
		{9DDA883D-5D90-4617-942C-EF6D4EE1D5C3}.Debug|Any CPU.Build.0 = Debug|Any CPU
		{9DDA883D-5D90-4617-942C-EF6D4EE1D5C3}.Debug|x64.ActiveCfg = Debug|Any CPU
		{9DDA883D-5D90-4617-942C-EF6D4EE1D5C3}.Debug|x64.Build.0 = Debug|Any CPU
		{9DDA883D-5D90-4617-942C-EF6D4EE1D5C3}.Debug|x86.ActiveCfg = Debug|Any CPU
		{9DDA883D-5D90-4617-942C-EF6D4EE1D5C3}.Debug|x86.Build.0 = Debug|Any CPU
		{9DDA883D-5D90-4617-942C-EF6D4EE1D5C3}.Release|Any CPU.ActiveCfg = Release|Any CPU
		{9DDA883D-5D90-4617-942C-EF6D4EE1D5C3}.Release|Any CPU.Build.0 = Release|Any CPU
		{9DDA883D-5D90-4617-942C-EF6D4EE1D5C3}.Release|x64.ActiveCfg = Release|Any CPU
		{9DDA883D-5D90-4617-942C-EF6D4EE1D5C3}.Release|x64.Build.0 = Release|Any CPU
		{9DDA883D-5D90-4617-942C-EF6D4EE1D5C3}.Release|x86.ActiveCfg = Release|Any CPU
		{9DDA883D-5D90-4617-942C-EF6D4EE1D5C3}.Release|x86.Build.0 = Release|Any CPU
	EndGlobalSection
	GlobalSection(SolutionProperties) = preSolution
		HideSolutionNode = FALSE
	EndGlobalSection
EndGlobal
