
Microsoft Visual Studio Solution File, Format Version 12.00
# Visual Studio Version 17
VisualStudioVersion = 17.5.2.0
MinimumVisualStudioVersion = 10.0.40219.1
Project("{2150E333-8FDC-42A3-9474-1A3956D46DE8}") = "src", "src", "{827E0CD3-B72D-47B6-A68D-7590B98EB39B}"
EndProject
Project("{2150E333-8FDC-42A3-9474-1A3956D46DE8}") = "Shared", "Shared", "{C8E42992-5E42-0C2B-DBFE-AA848D06431C}"
EndProject
Project("{FAE04EC0-301F-11D3-BF4B-00C04F79EFBC}") = "Common.Infrastructure", "Shared\Common.Infrastructure\Common.Infrastructure.csproj", "{62F1BAA7-9B29-4C9D-9D4B-9260C39089D5}"
EndProject
Project("{2150E333-8FDC-42A3-9474-1A3956D46DE8}") = "Services", "Services", "{5854FF58-B8C5-05C6-5BF2-ACE42193F22B}"
EndProject
Project("{2150E333-8FDC-42A3-9474-1A3956D46DE8}") = "AuthService", "AuthService", "{378295AF-C144-6721-7CFF-8DE6E58ED8C7}"
EndProject
Project("{FAE04EC0-301F-11D3-BF4B-00C04F79EFBC}") = "AuthService.Domain", "Services\AuthService\AuthService.Domain\AuthService.Domain.csproj", "{DA998A59-9D39-44CE-880E-B34A58BA34B3}"
EndProject
Project("{FAE04EC0-301F-11D3-BF4B-00C04F79EFBC}") = "AuthService.Application", "Services\AuthService\AuthService.Application\AuthService.Application.csproj", "{16A1BC23-5998-455D-ACFC-91D4802157DB}"
EndProject
Project("{FAE04EC0-301F-11D3-BF4B-00C04F79EFBC}") = "AuthService.Infrastructure", "Services\AuthService\AuthService.Infrastructure\AuthService.Infrastructure.csproj", "{CAB31AFA-0603-4F81-8300-9C3B1737E4E2}"
EndProject
Project("{FAE04EC0-301F-11D3-BF4B-00C04F79EFBC}") = "AuthService.Api", "Services\AuthService\AuthService.Api\AuthService.Api.csproj", "{43D03F3B-ED66-4B95-92C3-5169BE15D4BA}"
EndProject
Project("{FAE04EC0-301F-11D3-BF4B-00C04F79EFBC}") = "Common.Contracts", "Shared\Common.Contracts\Common.Contracts.csproj", "{8768399A-F5FF-49AC-9767-1F69FB3F5608}"
EndProject
Project("{FAE04EC0-301F-11D3-BF4B-00C04F79EFBC}") = "Common.Application", "Shared\Common.Application\Common.Application.csproj", "{494FB6DA-CE86-4522-AA32-1C4C417DF839}"
EndProject
Project("{FAE04EC0-301F-11D3-BF4B-00C04F79EFBC}") = "Common.Domain", "Shared\Common.Domain\Common.Domain.csproj", "{84CC982B-075A-4AC7-ABB1-CD67E44052BE}"
EndProject
Project("{2150E333-8FDC-42A3-9474-1A3956D46DE8}") = "ExamService", "ExamService", "{F0221AFA-3109-4088-AFAE-F8301D49F752}"
EndProject
Project("{FAE04EC0-301F-11D3-BF4B-00C04F79EFBC}") = "ExamService.Domain", "Services\ExamService\ExamService.Domain\ExamService.Domain.csproj", "{B8F63EE1-2DF9-4623-BAB4-C119AE23CE9A}"
EndProject
Project("{FAE04EC0-301F-11D3-BF4B-00C04F79EFBC}") = "ExamService.Application", "Services\ExamService\ExamService.Application\ExamService.Application.csproj", "{042EE01D-3C13-47C6-BEA0-E5F5693E7D0A}"
EndProject
Project("{FAE04EC0-301F-11D3-BF4B-00C04F79EFBC}") = "ExamService.Infrastructure", "Services\ExamService\ExamService.Infrastructure\ExamService.Infrastructure.csproj", "{C1571EFF-C4AF-4C35-849F-B9F9079A9A5C}"
EndProject
Project("{FAE04EC0-301F-11D3-BF4B-00C04F79EFBC}") = "ExamService.Api", "Services\ExamService\ExamService.Api\ExamService.Api.csproj", "{041E3F9F-52CF-415A-9B0A-2AC9264C7D33}"
EndProject
Project("{2150E333-8FDC-42A3-9474-1A3956D46DE8}") = "SubmissionService", "SubmissionService", "{910DFDEC-5F82-4575-8744-CEF61FAB1E6C}"
EndProject
Project("{FAE04EC0-301F-11D3-BF4B-00C04F79EFBC}") = "SubmissionService.Domain", "Services\SubmissionService\SubmissionService.Domain\SubmissionService.Domain.csproj", "{9228D9CD-8409-470B-A894-C74596989C84}"
EndProject
Project("{FAE04EC0-301F-11D3-BF4B-00C04F79EFBC}") = "SubmissionService.Application", "Services\SubmissionService\SubmissionService.Application\SubmissionService.Application.csproj", "{33653D8D-AFA3-4CDB-ADC3-73CD91CAEC57}"
EndProject
Project("{FAE04EC0-301F-11D3-BF4B-00C04F79EFBC}") = "SubmissionService.Infrastructure", "Services\SubmissionService\SubmissionService.Infrastructure\SubmissionService.Infrastructure.csproj", "{A58FFEBE-5BC8-402A-98C9-BF7DD0013F1E}"
EndProject
Project("{FAE04EC0-301F-11D3-BF4B-00C04F79EFBC}") = "SubmissionService.Api", "Services\SubmissionService\SubmissionService.Api\SubmissionService.Api.csproj", "{FB9FBCBE-4DBF-41D7-AE1C-4E148F78B1CE}"
EndProject
Project("{2150E333-8FDC-42A3-9474-1A3956D46DE8}") = "NotificationService", "NotificationService", "{3D0292DF-1B38-4F32-97E0-A91159C36283}"
EndProject
Project("{FAE04EC0-301F-11D3-BF4B-00C04F79EFBC}") = "NotificationService.Domain", "Services\NotificationService\NotificationService.Domain\NotificationService.Domain.csproj", "{A05BB3FA-796B-4893-97A7-4491DE52DF2B}"
EndProject
Project("{FAE04EC0-301F-11D3-BF4B-00C04F79EFBC}") = "NotificationService.Application", "Services\NotificationService\NotificationService.Application\NotificationService.Application.csproj", "{1751D688-E33B-4927-90DE-8755643A360C}"
EndProject
Project("{FAE04EC0-301F-11D3-BF4B-00C04F79EFBC}") = "NotificationService.Infrastructure", "Services\NotificationService\NotificationService.Infrastructure\NotificationService.Infrastructure.csproj", "{57F73BC6-4FD3-4801-817B-0A2137D7AA3D}"
EndProject
Project("{FAE04EC0-301F-11D3-BF4B-00C04F79EFBC}") = "NotificationService.Api", "Services\NotificationService\NotificationService.Api\NotificationService.Api.csproj", "{DBA60AF3-F72C-40C9-93BA-AF848F7596D8}"
EndProject
Project("{2150E333-8FDC-42A3-9474-1A3956D46DE8}") = "ApiGateway", "ApiGateway", "{F813403C-23C3-4D12-84E6-5DFB2D2E8C58}"
EndProject
Project("{FAE04EC0-301F-11D3-BF4B-00C04F79EFBC}") = "ApiGateway.Api", "ApiGateway\ApiGateway.Api\ApiGateway.Api.csproj", "{C9971268-7E85-4705-A8BC-BF63593C1102}"
EndProject
Global
	GlobalSection(SolutionConfigurationPlatforms) = preSolution
		Debug|Any CPU = Debug|Any CPU
		Debug|x64 = Debug|x64
		Debug|x86 = Debug|x86
		Release|Any CPU = Release|Any CPU
		Release|x64 = Release|x64
		Release|x86 = Release|x86
	EndGlobalSection
	GlobalSection(ProjectConfigurationPlatforms) = postSolution
		{62F1BAA7-9B29-4C9D-9D4B-9260C39089D5}.Debug|Any CPU.ActiveCfg = Debug|Any CPU
		{62F1BAA7-9B29-4C9D-9D4B-9260C39089D5}.Debug|Any CPU.Build.0 = Debug|Any CPU
		{62F1BAA7-9B29-4C9D-9D4B-9260C39089D5}.Debug|x64.ActiveCfg = Debug|Any CPU
		{62F1BAA7-9B29-4C9D-9D4B-9260C39089D5}.Debug|x64.Build.0 = Debug|Any CPU
		{62F1BAA7-9B29-4C9D-9D4B-9260C39089D5}.Debug|x86.ActiveCfg = Debug|Any CPU
		{62F1BAA7-9B29-4C9D-9D4B-9260C39089D5}.Debug|x86.Build.0 = Debug|Any CPU
		{62F1BAA7-9B29-4C9D-9D4B-9260C39089D5}.Release|Any CPU.ActiveCfg = Release|Any CPU
		{62F1BAA7-9B29-4C9D-9D4B-9260C39089D5}.Release|Any CPU.Build.0 = Release|Any CPU
		{62F1BAA7-9B29-4C9D-9D4B-9260C39089D5}.Release|x64.ActiveCfg = Release|Any CPU
		{62F1BAA7-9B29-4C9D-9D4B-9260C39089D5}.Release|x64.Build.0 = Release|Any CPU
		{62F1BAA7-9B29-4C9D-9D4B-9260C39089D5}.Release|x86.ActiveCfg = Release|Any CPU
		{62F1BAA7-9B29-4C9D-9D4B-9260C39089D5}.Release|x86.Build.0 = Release|Any CPU
		{DA998A59-9D39-44CE-880E-B34A58BA34B3}.Debug|Any CPU.ActiveCfg = Debug|Any CPU
		{DA998A59-9D39-44CE-880E-B34A58BA34B3}.Debug|Any CPU.Build.0 = Debug|Any CPU
		{DA998A59-9D39-44CE-880E-B34A58BA34B3}.Debug|x64.ActiveCfg = Debug|Any CPU
		{DA998A59-9D39-44CE-880E-B34A58BA34B3}.Debug|x64.Build.0 = Debug|Any CPU
		{DA998A59-9D39-44CE-880E-B34A58BA34B3}.Debug|x86.ActiveCfg = Debug|Any CPU
		{DA998A59-9D39-44CE-880E-B34A58BA34B3}.Debug|x86.Build.0 = Debug|Any CPU
		{DA998A59-9D39-44CE-880E-B34A58BA34B3}.Release|Any CPU.ActiveCfg = Release|Any CPU
		{DA998A59-9D39-44CE-880E-B34A58BA34B3}.Release|Any CPU.Build.0 = Release|Any CPU
		{DA998A59-9D39-44CE-880E-B34A58BA34B3}.Release|x64.ActiveCfg = Release|Any CPU
		{DA998A59-9D39-44CE-880E-B34A58BA34B3}.Release|x64.Build.0 = Release|Any CPU
		{DA998A59-9D39-44CE-880E-B34A58BA34B3}.Release|x86.ActiveCfg = Release|Any CPU
		{DA998A59-9D39-44CE-880E-B34A58BA34B3}.Release|x86.Build.0 = Release|Any CPU
		{16A1BC23-5998-455D-ACFC-91D4802157DB}.Debug|Any CPU.ActiveCfg = Debug|Any CPU
		{16A1BC23-5998-455D-ACFC-91D4802157DB}.Debug|Any CPU.Build.0 = Debug|Any CPU
		{16A1BC23-5998-455D-ACFC-91D4802157DB}.Debug|x64.ActiveCfg = Debug|Any CPU
		{16A1BC23-5998-455D-ACFC-91D4802157DB}.Debug|x64.Build.0 = Debug|Any CPU
		{16A1BC23-5998-455D-ACFC-91D4802157DB}.Debug|x86.ActiveCfg = Debug|Any CPU
		{16A1BC23-5998-455D-ACFC-91D4802157DB}.Debug|x86.Build.0 = Debug|Any CPU
		{16A1BC23-5998-455D-ACFC-91D4802157DB}.Release|Any CPU.ActiveCfg = Release|Any CPU
		{16A1BC23-5998-455D-ACFC-91D4802157DB}.Release|Any CPU.Build.0 = Release|Any CPU
		{16A1BC23-5998-455D-ACFC-91D4802157DB}.Release|x64.ActiveCfg = Release|Any CPU
		{16A1BC23-5998-455D-ACFC-91D4802157DB}.Release|x64.Build.0 = Release|Any CPU
		{16A1BC23-5998-455D-ACFC-91D4802157DB}.Release|x86.ActiveCfg = Release|Any CPU
		{16A1BC23-5998-455D-ACFC-91D4802157DB}.Release|x86.Build.0 = Release|Any CPU
		{CAB31AFA-0603-4F81-8300-9C3B1737E4E2}.Debug|Any CPU.ActiveCfg = Debug|Any CPU
		{CAB31AFA-0603-4F81-8300-9C3B1737E4E2}.Debug|Any CPU.Build.0 = Debug|Any CPU
		{CAB31AFA-0603-4F81-8300-9C3B1737E4E2}.Debug|x64.ActiveCfg = Debug|Any CPU
		{CAB31AFA-0603-4F81-8300-9C3B1737E4E2}.Debug|x64.Build.0 = Debug|Any CPU
		{CAB31AFA-0603-4F81-8300-9C3B1737E4E2}.Debug|x86.ActiveCfg = Debug|Any CPU
		{CAB31AFA-0603-4F81-8300-9C3B1737E4E2}.Debug|x86.Build.0 = Debug|Any CPU
		{CAB31AFA-0603-4F81-8300-9C3B1737E4E2}.Release|Any CPU.ActiveCfg = Release|Any CPU
		{CAB31AFA-0603-4F81-8300-9C3B1737E4E2}.Release|Any CPU.Build.0 = Release|Any CPU
		{CAB31AFA-0603-4F81-8300-9C3B1737E4E2}.Release|x64.ActiveCfg = Release|Any CPU
		{CAB31AFA-0603-4F81-8300-9C3B1737E4E2}.Release|x64.Build.0 = Release|Any CPU
		{CAB31AFA-0603-4F81-8300-9C3B1737E4E2}.Release|x86.ActiveCfg = Release|Any CPU
		{CAB31AFA-0603-4F81-8300-9C3B1737E4E2}.Release|x86.Build.0 = Release|Any CPU
		{43D03F3B-ED66-4B95-92C3-5169BE15D4BA}.Debug|Any CPU.ActiveCfg = Debug|Any CPU
		{43D03F3B-ED66-4B95-92C3-5169BE15D4BA}.Debug|Any CPU.Build.0 = Debug|Any CPU
		{43D03F3B-ED66-4B95-92C3-5169BE15D4BA}.Debug|x64.ActiveCfg = Debug|Any CPU
		{43D03F3B-ED66-4B95-92C3-5169BE15D4BA}.Debug|x64.Build.0 = Debug|Any CPU
		{43D03F3B-ED66-4B95-92C3-5169BE15D4BA}.Debug|x86.ActiveCfg = Debug|Any CPU
		{43D03F3B-ED66-4B95-92C3-5169BE15D4BA}.Debug|x86.Build.0 = Debug|Any CPU
		{43D03F3B-ED66-4B95-92C3-5169BE15D4BA}.Release|Any CPU.ActiveCfg = Release|Any CPU
		{43D03F3B-ED66-4B95-92C3-5169BE15D4BA}.Release|Any CPU.Build.0 = Release|Any CPU
		{43D03F3B-ED66-4B95-92C3-5169BE15D4BA}.Release|x64.ActiveCfg = Release|Any CPU
		{43D03F3B-ED66-4B95-92C3-5169BE15D4BA}.Release|x64.Build.0 = Release|Any CPU
		{43D03F3B-ED66-4B95-92C3-5169BE15D4BA}.Release|x86.ActiveCfg = Release|Any CPU
		{43D03F3B-ED66-4B95-92C3-5169BE15D4BA}.Release|x86.Build.0 = Release|Any CPU
		{8768399A-F5FF-49AC-9767-1F69FB3F5608}.Debug|Any CPU.ActiveCfg = Debug|Any CPU
		{8768399A-F5FF-49AC-9767-1F69FB3F5608}.Debug|Any CPU.Build.0 = Debug|Any CPU
		{8768399A-F5FF-49AC-9767-1F69FB3F5608}.Debug|x64.ActiveCfg = Debug|Any CPU
		{8768399A-F5FF-49AC-9767-1F69FB3F5608}.Debug|x64.Build.0 = Debug|Any CPU
		{8768399A-F5FF-49AC-9767-1F69FB3F5608}.Debug|x86.ActiveCfg = Debug|Any CPU
		{8768399A-F5FF-49AC-9767-1F69FB3F5608}.Debug|x86.Build.0 = Debug|Any CPU
		{8768399A-F5FF-49AC-9767-1F69FB3F5608}.Release|Any CPU.ActiveCfg = Release|Any CPU
		{8768399A-F5FF-49AC-9767-1F69FB3F5608}.Release|Any CPU.Build.0 = Release|Any CPU
		{8768399A-F5FF-49AC-9767-1F69FB3F5608}.Release|x64.ActiveCfg = Release|Any CPU
		{8768399A-F5FF-49AC-9767-1F69FB3F5608}.Release|x64.Build.0 = Release|Any CPU
		{8768399A-F5FF-49AC-9767-1F69FB3F5608}.Release|x86.ActiveCfg = Release|Any CPU
		{8768399A-F5FF-49AC-9767-1F69FB3F5608}.Release|x86.Build.0 = Release|Any CPU
		{494FB6DA-CE86-4522-AA32-1C4C417DF839}.Debug|Any CPU.ActiveCfg = Debug|Any CPU
		{494FB6DA-CE86-4522-AA32-1C4C417DF839}.Debug|Any CPU.Build.0 = Debug|Any CPU
		{494FB6DA-CE86-4522-AA32-1C4C417DF839}.Debug|x64.ActiveCfg = Debug|Any CPU
		{494FB6DA-CE86-4522-AA32-1C4C417DF839}.Debug|x64.Build.0 = Debug|Any CPU
		{494FB6DA-CE86-4522-AA32-1C4C417DF839}.Debug|x86.ActiveCfg = Debug|Any CPU
		{494FB6DA-CE86-4522-AA32-1C4C417DF839}.Debug|x86.Build.0 = Debug|Any CPU
		{494FB6DA-CE86-4522-AA32-1C4C417DF839}.Release|Any CPU.ActiveCfg = Release|Any CPU
		{494FB6DA-CE86-4522-AA32-1C4C417DF839}.Release|Any CPU.Build.0 = Release|Any CPU
		{494FB6DA-CE86-4522-AA32-1C4C417DF839}.Release|x64.ActiveCfg = Release|Any CPU
		{494FB6DA-CE86-4522-AA32-1C4C417DF839}.Release|x64.Build.0 = Release|Any CPU
		{494FB6DA-CE86-4522-AA32-1C4C417DF839}.Release|x86.ActiveCfg = Release|Any CPU
		{494FB6DA-CE86-4522-AA32-1C4C417DF839}.Release|x86.Build.0 = Release|Any CPU
		{84CC982B-075A-4AC7-ABB1-CD67E44052BE}.Debug|Any CPU.ActiveCfg = Debug|Any CPU
		{84CC982B-075A-4AC7-ABB1-CD67E44052BE}.Debug|Any CPU.Build.0 = Debug|Any CPU
		{84CC982B-075A-4AC7-ABB1-CD67E44052BE}.Debug|x64.ActiveCfg = Debug|Any CPU
		{84CC982B-075A-4AC7-ABB1-CD67E44052BE}.Debug|x64.Build.0 = Debug|Any CPU
		{84CC982B-075A-4AC7-ABB1-CD67E44052BE}.Debug|x86.ActiveCfg = Debug|Any CPU
		{84CC982B-075A-4AC7-ABB1-CD67E44052BE}.Debug|x86.Build.0 = Debug|Any CPU
		{84CC982B-075A-4AC7-ABB1-CD67E44052BE}.Release|Any CPU.ActiveCfg = Release|Any CPU
		{84CC982B-075A-4AC7-ABB1-CD67E44052BE}.Release|Any CPU.Build.0 = Release|Any CPU
		{84CC982B-075A-4AC7-ABB1-CD67E44052BE}.Release|x64.ActiveCfg = Release|Any CPU
		{84CC982B-075A-4AC7-ABB1-CD67E44052BE}.Release|x64.Build.0 = Release|Any CPU
		{84CC982B-075A-4AC7-ABB1-CD67E44052BE}.Release|x86.ActiveCfg = Release|Any CPU
		{84CC982B-075A-4AC7-ABB1-CD67E44052BE}.Release|x86.Build.0 = Release|Any CPU
		{B8F63EE1-2DF9-4623-BAB4-C119AE23CE9A}.Debug|Any CPU.ActiveCfg = Debug|Any CPU
		{B8F63EE1-2DF9-4623-BAB4-C119AE23CE9A}.Debug|Any CPU.Build.0 = Debug|Any CPU
		{B8F63EE1-2DF9-4623-BAB4-C119AE23CE9A}.Debug|x64.ActiveCfg = Debug|Any CPU
		{B8F63EE1-2DF9-4623-BAB4-C119AE23CE9A}.Debug|x64.Build.0 = Debug|Any CPU
		{B8F63EE1-2DF9-4623-BAB4-C119AE23CE9A}.Debug|x86.ActiveCfg = Debug|Any CPU
		{B8F63EE1-2DF9-4623-BAB4-C119AE23CE9A}.Debug|x86.Build.0 = Debug|Any CPU
		{B8F63EE1-2DF9-4623-BAB4-C119AE23CE9A}.Release|Any CPU.ActiveCfg = Release|Any CPU
		{B8F63EE1-2DF9-4623-BAB4-C119AE23CE9A}.Release|Any CPU.Build.0 = Release|Any CPU
		{B8F63EE1-2DF9-4623-BAB4-C119AE23CE9A}.Release|x64.ActiveCfg = Release|Any CPU
		{B8F63EE1-2DF9-4623-BAB4-C119AE23CE9A}.Release|x64.Build.0 = Release|Any CPU
		{B8F63EE1-2DF9-4623-BAB4-C119AE23CE9A}.Release|x86.ActiveCfg = Release|Any CPU
		{B8F63EE1-2DF9-4623-BAB4-C119AE23CE9A}.Release|x86.Build.0 = Release|Any CPU
		{042EE01D-3C13-47C6-BEA0-E5F5693E7D0A}.Debug|Any CPU.ActiveCfg = Debug|Any CPU
		{042EE01D-3C13-47C6-BEA0-E5F5693E7D0A}.Debug|Any CPU.Build.0 = Debug|Any CPU
		{042EE01D-3C13-47C6-BEA0-E5F5693E7D0A}.Debug|x64.ActiveCfg = Debug|Any CPU
		{042EE01D-3C13-47C6-BEA0-E5F5693E7D0A}.Debug|x64.Build.0 = Debug|Any CPU
		{042EE01D-3C13-47C6-BEA0-E5F5693E7D0A}.Debug|x86.ActiveCfg = Debug|Any CPU
		{042EE01D-3C13-47C6-BEA0-E5F5693E7D0A}.Debug|x86.Build.0 = Debug|Any CPU
		{042EE01D-3C13-47C6-BEA0-E5F5693E7D0A}.Release|Any CPU.ActiveCfg = Release|Any CPU
		{042EE01D-3C13-47C6-BEA0-E5F5693E7D0A}.Release|Any CPU.Build.0 = Release|Any CPU
		{042EE01D-3C13-47C6-BEA0-E5F5693E7D0A}.Release|x64.ActiveCfg = Release|Any CPU
		{042EE01D-3C13-47C6-BEA0-E5F5693E7D0A}.Release|x64.Build.0 = Release|Any CPU
		{042EE01D-3C13-47C6-BEA0-E5F5693E7D0A}.Release|x86.ActiveCfg = Release|Any CPU
		{042EE01D-3C13-47C6-BEA0-E5F5693E7D0A}.Release|x86.Build.0 = Release|Any CPU
		{C1571EFF-C4AF-4C35-849F-B9F9079A9A5C}.Debug|Any CPU.ActiveCfg = Debug|Any CPU
		{C1571EFF-C4AF-4C35-849F-B9F9079A9A5C}.Debug|Any CPU.Build.0 = Debug|Any CPU
		{C1571EFF-C4AF-4C35-849F-B9F9079A9A5C}.Debug|x64.ActiveCfg = Debug|Any CPU
		{C1571EFF-C4AF-4C35-849F-B9F9079A9A5C}.Debug|x64.Build.0 = Debug|Any CPU
		{C1571EFF-C4AF-4C35-849F-B9F9079A9A5C}.Debug|x86.ActiveCfg = Debug|Any CPU
		{C1571EFF-C4AF-4C35-849F-B9F9079A9A5C}.Debug|x86.Build.0 = Debug|Any CPU
		{C1571EFF-C4AF-4C35-849F-B9F9079A9A5C}.Release|Any CPU.ActiveCfg = Release|Any CPU
		{C1571EFF-C4AF-4C35-849F-B9F9079A9A5C}.Release|Any CPU.Build.0 = Release|Any CPU
		{C1571EFF-C4AF-4C35-849F-B9F9079A9A5C}.Release|x64.ActiveCfg = Release|Any CPU
		{C1571EFF-C4AF-4C35-849F-B9F9079A9A5C}.Release|x64.Build.0 = Release|Any CPU
		{C1571EFF-C4AF-4C35-849F-B9F9079A9A5C}.Release|x86.ActiveCfg = Release|Any CPU
		{C1571EFF-C4AF-4C35-849F-B9F9079A9A5C}.Release|x86.Build.0 = Release|Any CPU
		{041E3F9F-52CF-415A-9B0A-2AC9264C7D33}.Debug|Any CPU.ActiveCfg = Debug|Any CPU
		{041E3F9F-52CF-415A-9B0A-2AC9264C7D33}.Debug|Any CPU.Build.0 = Debug|Any CPU
		{041E3F9F-52CF-415A-9B0A-2AC9264C7D33}.Debug|x64.ActiveCfg = Debug|Any CPU
		{041E3F9F-52CF-415A-9B0A-2AC9264C7D33}.Debug|x64.Build.0 = Debug|Any CPU
		{041E3F9F-52CF-415A-9B0A-2AC9264C7D33}.Debug|x86.ActiveCfg = Debug|Any CPU
		{041E3F9F-52CF-415A-9B0A-2AC9264C7D33}.Debug|x86.Build.0 = Debug|Any CPU
		{041E3F9F-52CF-415A-9B0A-2AC9264C7D33}.Release|Any CPU.ActiveCfg = Release|Any CPU
		{041E3F9F-52CF-415A-9B0A-2AC9264C7D33}.Release|Any CPU.Build.0 = Release|Any CPU
		{041E3F9F-52CF-415A-9B0A-2AC9264C7D33}.Release|x64.ActiveCfg = Release|Any CPU
		{041E3F9F-52CF-415A-9B0A-2AC9264C7D33}.Release|x64.Build.0 = Release|Any CPU
		{041E3F9F-52CF-415A-9B0A-2AC9264C7D33}.Release|x86.ActiveCfg = Release|Any CPU
		{041E3F9F-52CF-415A-9B0A-2AC9264C7D33}.Release|x86.Build.0 = Release|Any CPU
		{9228D9CD-8409-470B-A894-C74596989C84}.Debug|Any CPU.ActiveCfg = Debug|Any CPU
		{9228D9CD-8409-470B-A894-C74596989C84}.Debug|Any CPU.Build.0 = Debug|Any CPU
		{9228D9CD-8409-470B-A894-C74596989C84}.Debug|x64.ActiveCfg = Debug|Any CPU
		{9228D9CD-8409-470B-A894-C74596989C84}.Debug|x64.Build.0 = Debug|Any CPU
		{9228D9CD-8409-470B-A894-C74596989C84}.Debug|x86.ActiveCfg = Debug|Any CPU
		{9228D9CD-8409-470B-A894-C74596989C84}.Debug|x86.Build.0 = Debug|Any CPU
		{9228D9CD-8409-470B-A894-C74596989C84}.Release|Any CPU.ActiveCfg = Release|Any CPU
		{9228D9CD-8409-470B-A894-C74596989C84}.Release|Any CPU.Build.0 = Release|Any CPU
		{9228D9CD-8409-470B-A894-C74596989C84}.Release|x64.ActiveCfg = Release|Any CPU
		{9228D9CD-8409-470B-A894-C74596989C84}.Release|x64.Build.0 = Release|Any CPU
		{9228D9CD-8409-470B-A894-C74596989C84}.Release|x86.ActiveCfg = Release|Any CPU
		{9228D9CD-8409-470B-A894-C74596989C84}.Release|x86.Build.0 = Release|Any CPU
		{33653D8D-AFA3-4CDB-ADC3-73CD91CAEC57}.Debug|Any CPU.ActiveCfg = Debug|Any CPU
		{33653D8D-AFA3-4CDB-ADC3-73CD91CAEC57}.Debug|Any CPU.Build.0 = Debug|Any CPU
		{33653D8D-AFA3-4CDB-ADC3-73CD91CAEC57}.Debug|x64.ActiveCfg = Debug|Any CPU
		{33653D8D-AFA3-4CDB-ADC3-73CD91CAEC57}.Debug|x64.Build.0 = Debug|Any CPU
		{33653D8D-AFA3-4CDB-ADC3-73CD91CAEC57}.Debug|x86.ActiveCfg = Debug|Any CPU
		{33653D8D-AFA3-4CDB-ADC3-73CD91CAEC57}.Debug|x86.Build.0 = Debug|Any CPU
		{33653D8D-AFA3-4CDB-ADC3-73CD91CAEC57}.Release|Any CPU.ActiveCfg = Release|Any CPU
		{33653D8D-AFA3-4CDB-ADC3-73CD91CAEC57}.Release|Any CPU.Build.0 = Release|Any CPU
		{33653D8D-AFA3-4CDB-ADC3-73CD91CAEC57}.Release|x64.ActiveCfg = Release|Any CPU
		{33653D8D-AFA3-4CDB-ADC3-73CD91CAEC57}.Release|x64.Build.0 = Release|Any CPU
		{33653D8D-AFA3-4CDB-ADC3-73CD91CAEC57}.Release|x86.ActiveCfg = Release|Any CPU
		{33653D8D-AFA3-4CDB-ADC3-73CD91CAEC57}.Release|x86.Build.0 = Release|Any CPU
		{A58FFEBE-5BC8-402A-98C9-BF7DD0013F1E}.Debug|Any CPU.ActiveCfg = Debug|Any CPU
		{A58FFEBE-5BC8-402A-98C9-BF7DD0013F1E}.Debug|Any CPU.Build.0 = Debug|Any CPU
		{A58FFEBE-5BC8-402A-98C9-BF7DD0013F1E}.Debug|x64.ActiveCfg = Debug|Any CPU
		{A58FFEBE-5BC8-402A-98C9-BF7DD0013F1E}.Debug|x64.Build.0 = Debug|Any CPU
		{A58FFEBE-5BC8-402A-98C9-BF7DD0013F1E}.Debug|x86.ActiveCfg = Debug|Any CPU
		{A58FFEBE-5BC8-402A-98C9-BF7DD0013F1E}.Debug|x86.Build.0 = Debug|Any CPU
		{A58FFEBE-5BC8-402A-98C9-BF7DD0013F1E}.Release|Any CPU.ActiveCfg = Release|Any CPU
		{A58FFEBE-5BC8-402A-98C9-BF7DD0013F1E}.Release|Any CPU.Build.0 = Release|Any CPU
		{A58FFEBE-5BC8-402A-98C9-BF7DD0013F1E}.Release|x64.ActiveCfg = Release|Any CPU
		{A58FFEBE-5BC8-402A-98C9-BF7DD0013F1E}.Release|x64.Build.0 = Release|Any CPU
		{A58FFEBE-5BC8-402A-98C9-BF7DD0013F1E}.Release|x86.ActiveCfg = Release|Any CPU
		{A58FFEBE-5BC8-402A-98C9-BF7DD0013F1E}.Release|x86.Build.0 = Release|Any CPU
		{FB9FBCBE-4DBF-41D7-AE1C-4E148F78B1CE}.Debug|Any CPU.ActiveCfg = Debug|Any CPU
		{FB9FBCBE-4DBF-41D7-AE1C-4E148F78B1CE}.Debug|Any CPU.Build.0 = Debug|Any CPU
		{FB9FBCBE-4DBF-41D7-AE1C-4E148F78B1CE}.Debug|x64.ActiveCfg = Debug|Any CPU
		{FB9FBCBE-4DBF-41D7-AE1C-4E148F78B1CE}.Debug|x64.Build.0 = Debug|Any CPU
		{FB9FBCBE-4DBF-41D7-AE1C-4E148F78B1CE}.Debug|x86.ActiveCfg = Debug|Any CPU
		{FB9FBCBE-4DBF-41D7-AE1C-4E148F78B1CE}.Debug|x86.Build.0 = Debug|Any CPU
		{FB9FBCBE-4DBF-41D7-AE1C-4E148F78B1CE}.Release|Any CPU.ActiveCfg = Release|Any CPU
		{FB9FBCBE-4DBF-41D7-AE1C-4E148F78B1CE}.Release|Any CPU.Build.0 = Release|Any CPU
		{FB9FBCBE-4DBF-41D7-AE1C-4E148F78B1CE}.Release|x64.ActiveCfg = Release|Any CPU
		{FB9FBCBE-4DBF-41D7-AE1C-4E148F78B1CE}.Release|x64.Build.0 = Release|Any CPU
		{FB9FBCBE-4DBF-41D7-AE1C-4E148F78B1CE}.Release|x86.ActiveCfg = Release|Any CPU
		{FB9FBCBE-4DBF-41D7-AE1C-4E148F78B1CE}.Release|x86.Build.0 = Release|Any CPU
		{A05BB3FA-796B-4893-97A7-4491DE52DF2B}.Debug|Any CPU.ActiveCfg = Debug|Any CPU
		{A05BB3FA-796B-4893-97A7-4491DE52DF2B}.Debug|Any CPU.Build.0 = Debug|Any CPU
		{A05BB3FA-796B-4893-97A7-4491DE52DF2B}.Debug|x64.ActiveCfg = Debug|Any CPU
		{A05BB3FA-796B-4893-97A7-4491DE52DF2B}.Debug|x64.Build.0 = Debug|Any CPU
		{A05BB3FA-796B-4893-97A7-4491DE52DF2B}.Debug|x86.ActiveCfg = Debug|Any CPU
		{A05BB3FA-796B-4893-97A7-4491DE52DF2B}.Debug|x86.Build.0 = Debug|Any CPU
		{A05BB3FA-796B-4893-97A7-4491DE52DF2B}.Release|Any CPU.ActiveCfg = Release|Any CPU
		{A05BB3FA-796B-4893-97A7-4491DE52DF2B}.Release|Any CPU.Build.0 = Release|Any CPU
		{A05BB3FA-796B-4893-97A7-4491DE52DF2B}.Release|x64.ActiveCfg = Release|Any CPU
		{A05BB3FA-796B-4893-97A7-4491DE52DF2B}.Release|x64.Build.0 = Release|Any CPU
		{A05BB3FA-796B-4893-97A7-4491DE52DF2B}.Release|x86.ActiveCfg = Release|Any CPU
		{A05BB3FA-796B-4893-97A7-4491DE52DF2B}.Release|x86.Build.0 = Release|Any CPU
		{1751D688-E33B-4927-90DE-8755643A360C}.Debug|Any CPU.ActiveCfg = Debug|Any CPU
		{1751D688-E33B-4927-90DE-8755643A360C}.Debug|Any CPU.Build.0 = Debug|Any CPU
		{1751D688-E33B-4927-90DE-8755643A360C}.Debug|x64.ActiveCfg = Debug|Any CPU
		{1751D688-E33B-4927-90DE-8755643A360C}.Debug|x64.Build.0 = Debug|Any CPU
		{1751D688-E33B-4927-90DE-8755643A360C}.Debug|x86.ActiveCfg = Debug|Any CPU
		{1751D688-E33B-4927-90DE-8755643A360C}.Debug|x86.Build.0 = Debug|Any CPU
		{1751D688-E33B-4927-90DE-8755643A360C}.Release|Any CPU.ActiveCfg = Release|Any CPU
		{1751D688-E33B-4927-90DE-8755643A360C}.Release|Any CPU.Build.0 = Release|Any CPU
		{1751D688-E33B-4927-90DE-8755643A360C}.Release|x64.ActiveCfg = Release|Any CPU
		{1751D688-E33B-4927-90DE-8755643A360C}.Release|x64.Build.0 = Release|Any CPU
		{1751D688-E33B-4927-90DE-8755643A360C}.Release|x86.ActiveCfg = Release|Any CPU
		{1751D688-E33B-4927-90DE-8755643A360C}.Release|x86.Build.0 = Release|Any CPU
		{57F73BC6-4FD3-4801-817B-0A2137D7AA3D}.Debug|Any CPU.ActiveCfg = Debug|Any CPU
		{57F73BC6-4FD3-4801-817B-0A2137D7AA3D}.Debug|Any CPU.Build.0 = Debug|Any CPU
		{57F73BC6-4FD3-4801-817B-0A2137D7AA3D}.Debug|x64.ActiveCfg = Debug|Any CPU
		{57F73BC6-4FD3-4801-817B-0A2137D7AA3D}.Debug|x64.Build.0 = Debug|Any CPU
		{57F73BC6-4FD3-4801-817B-0A2137D7AA3D}.Debug|x86.ActiveCfg = Debug|Any CPU
		{57F73BC6-4FD3-4801-817B-0A2137D7AA3D}.Debug|x86.Build.0 = Debug|Any CPU
		{57F73BC6-4FD3-4801-817B-0A2137D7AA3D}.Release|Any CPU.ActiveCfg = Release|Any CPU
		{57F73BC6-4FD3-4801-817B-0A2137D7AA3D}.Release|Any CPU.Build.0 = Release|Any CPU
		{57F73BC6-4FD3-4801-817B-0A2137D7AA3D}.Release|x64.ActiveCfg = Release|Any CPU
		{57F73BC6-4FD3-4801-817B-0A2137D7AA3D}.Release|x64.Build.0 = Release|Any CPU
		{57F73BC6-4FD3-4801-817B-0A2137D7AA3D}.Release|x86.ActiveCfg = Release|Any CPU
		{57F73BC6-4FD3-4801-817B-0A2137D7AA3D}.Release|x86.Build.0 = Release|Any CPU
		{DBA60AF3-F72C-40C9-93BA-AF848F7596D8}.Debug|Any CPU.ActiveCfg = Debug|Any CPU
		{DBA60AF3-F72C-40C9-93BA-AF848F7596D8}.Debug|Any CPU.Build.0 = Debug|Any CPU
		{DBA60AF3-F72C-40C9-93BA-AF848F7596D8}.Debug|x64.ActiveCfg = Debug|Any CPU
		{DBA60AF3-F72C-40C9-93BA-AF848F7596D8}.Debug|x64.Build.0 = Debug|Any CPU
		{DBA60AF3-F72C-40C9-93BA-AF848F7596D8}.Debug|x86.ActiveCfg = Debug|Any CPU
		{DBA60AF3-F72C-40C9-93BA-AF848F7596D8}.Debug|x86.Build.0 = Debug|Any CPU
		{DBA60AF3-F72C-40C9-93BA-AF848F7596D8}.Release|Any CPU.ActiveCfg = Release|Any CPU
		{DBA60AF3-F72C-40C9-93BA-AF848F7596D8}.Release|Any CPU.Build.0 = Release|Any CPU
		{DBA60AF3-F72C-40C9-93BA-AF848F7596D8}.Release|x64.ActiveCfg = Release|Any CPU
		{DBA60AF3-F72C-40C9-93BA-AF848F7596D8}.Release|x64.Build.0 = Release|Any CPU
		{DBA60AF3-F72C-40C9-93BA-AF848F7596D8}.Release|x86.ActiveCfg = Release|Any CPU
		{DBA60AF3-F72C-40C9-93BA-AF848F7596D8}.Release|x86.Build.0 = Release|Any CPU
		{C9971268-7E85-4705-A8BC-BF63593C1102}.Debug|Any CPU.ActiveCfg = Debug|Any CPU
		{C9971268-7E85-4705-A8BC-BF63593C1102}.Debug|Any CPU.Build.0 = Debug|Any CPU
		{C9971268-7E85-4705-A8BC-BF63593C1102}.Debug|x64.ActiveCfg = Debug|Any CPU
		{C9971268-7E85-4705-A8BC-BF63593C1102}.Debug|x64.Build.0 = Debug|Any CPU
		{C9971268-7E85-4705-A8BC-BF63593C1102}.Debug|x86.ActiveCfg = Debug|Any CPU
		{C9971268-7E85-4705-A8BC-BF63593C1102}.Debug|x86.Build.0 = Debug|Any CPU
		{C9971268-7E85-4705-A8BC-BF63593C1102}.Release|Any CPU.ActiveCfg = Release|Any CPU
		{C9971268-7E85-4705-A8BC-BF63593C1102}.Release|Any CPU.Build.0 = Release|Any CPU
		{C9971268-7E85-4705-A8BC-BF63593C1102}.Release|x64.ActiveCfg = Release|Any CPU
		{C9971268-7E85-4705-A8BC-BF63593C1102}.Release|x64.Build.0 = Release|Any CPU
		{C9971268-7E85-4705-A8BC-BF63593C1102}.Release|x86.ActiveCfg = Release|Any CPU
		{C9971268-7E85-4705-A8BC-BF63593C1102}.Release|x86.Build.0 = Release|Any CPU
	EndGlobalSection
	GlobalSection(SolutionProperties) = preSolution
		HideSolutionNode = FALSE
	EndGlobalSection
	GlobalSection(NestedProjects) = preSolution
		{C8E42992-5E42-0C2B-DBFE-AA848D06431C} = {827E0CD3-B72D-47B6-A68D-7590B98EB39B}
		{62F1BAA7-9B29-4C9D-9D4B-9260C39089D5} = {C8E42992-5E42-0C2B-DBFE-AA848D06431C}
		{378295AF-C144-6721-7CFF-8DE6E58ED8C7} = {5854FF58-B8C5-05C6-5BF2-ACE42193F22B}
		{DA998A59-9D39-44CE-880E-B34A58BA34B3} = {378295AF-C144-6721-7CFF-8DE6E58ED8C7}
		{16A1BC23-5998-455D-ACFC-91D4802157DB} = {378295AF-C144-6721-7CFF-8DE6E58ED8C7}
		{CAB31AFA-0603-4F81-8300-9C3B1737E4E2} = {378295AF-C144-6721-7CFF-8DE6E58ED8C7}
		{43D03F3B-ED66-4B95-92C3-5169BE15D4BA} = {378295AF-C144-6721-7CFF-8DE6E58ED8C7}
		{5854FF58-B8C5-05C6-5BF2-ACE42193F22B} = {827E0CD3-B72D-47B6-A68D-7590B98EB39B}
		{8768399A-F5FF-49AC-9767-1F69FB3F5608} = {C8E42992-5E42-0C2B-DBFE-AA848D06431C}
		{494FB6DA-CE86-4522-AA32-1C4C417DF839} = {C8E42992-5E42-0C2B-DBFE-AA848D06431C}
		{84CC982B-075A-4AC7-ABB1-CD67E44052BE} = {C8E42992-5E42-0C2B-DBFE-AA848D06431C}
		{F0221AFA-3109-4088-AFAE-F8301D49F752} = {5854FF58-B8C5-05C6-5BF2-ACE42193F22B}
		{B8F63EE1-2DF9-4623-BAB4-C119AE23CE9A} = {F0221AFA-3109-4088-AFAE-F8301D49F752}
		{042EE01D-3C13-47C6-BEA0-E5F5693E7D0A} = {F0221AFA-3109-4088-AFAE-F8301D49F752}
		{C1571EFF-C4AF-4C35-849F-B9F9079A9A5C} = {F0221AFA-3109-4088-AFAE-F8301D49F752}
		{041E3F9F-52CF-415A-9B0A-2AC9264C7D33} = {F0221AFA-3109-4088-AFAE-F8301D49F752}
		{910DFDEC-5F82-4575-8744-CEF61FAB1E6C} = {5854FF58-B8C5-05C6-5BF2-ACE42193F22B}
		{9228D9CD-8409-470B-A894-C74596989C84} = {910DFDEC-5F82-4575-8744-CEF61FAB1E6C}
		{33653D8D-AFA3-4CDB-ADC3-73CD91CAEC57} = {910DFDEC-5F82-4575-8744-CEF61FAB1E6C}
		{A58FFEBE-5BC8-402A-98C9-BF7DD0013F1E} = {910DFDEC-5F82-4575-8744-CEF61FAB1E6C}
		{FB9FBCBE-4DBF-41D7-AE1C-4E148F78B1CE} = {910DFDEC-5F82-4575-8744-CEF61FAB1E6C}
		{3D0292DF-1B38-4F32-97E0-A91159C36283} = {5854FF58-B8C5-05C6-5BF2-ACE42193F22B}
		{A05BB3FA-796B-4893-97A7-4491DE52DF2B} = {3D0292DF-1B38-4F32-97E0-A91159C36283}
		{1751D688-E33B-4927-90DE-8755643A360C} = {3D0292DF-1B38-4F32-97E0-A91159C36283}
		{57F73BC6-4FD3-4801-817B-0A2137D7AA3D} = {3D0292DF-1B38-4F32-97E0-A91159C36283}
		{DBA60AF3-F72C-40C9-93BA-AF848F7596D8} = {3D0292DF-1B38-4F32-97E0-A91159C36283}
		{F813403C-23C3-4D12-84E6-5DFB2D2E8C58} = {827E0CD3-B72D-47B6-A68D-7590B98EB39B}
		{C9971268-7E85-4705-A8BC-BF63593C1102} = {F813403C-23C3-4D12-84E6-5DFB2D2E8C58}
	EndGlobalSection
	GlobalSection(ExtensibilityGlobals) = postSolution
		SolutionGuid = {25869AD6-3AF1-4C15-A18D-AE7D073CD061}
	EndGlobalSection
EndGlobal
